// !$*UTF8*$!
{
	archiveVersion = 1;
	classes = {
	};
	objectVersion = 45;
	objects = {

/* Begin PBXBuildFile section */
		0317BCB51329CC96004055F8 /* ChocrotaryProjectTableViewDataSource.m in Sources */ = {isa = PBXBuildFile; fileRef = 0317BCB41329CC96004055F8 /* ChocrotaryProjectTableViewDataSource.m */; };
		0317BD781329D733004055F8 /* ChocrotaryNotebook.m in Sources */ = {isa = PBXBuildFile; fileRef = 0317BD771329D733004055F8 /* ChocrotaryNotebook.m */; };
		0317BDF11329DA56004055F8 /* ChocrotarySecretary.m in Sources */ = {isa = PBXBuildFile; fileRef = 0317BDF01329DA56004055F8 /* ChocrotarySecretary.m */; };
		03670496133EE0A700A56085 /* TestChocrotaryTodayTableViewDataSource.m in Sources */ = {isa = PBXBuildFile; fileRef = 03670495133EE0A700A56085 /* TestChocrotaryTodayTableViewDataSource.m */; };
		0367049E133EE11300A56085 /* ChocrotaryBaseTableViewDataSource.m in Sources */ = {isa = PBXBuildFile; fileRef = 0367049D133EE11300A56085 /* ChocrotaryBaseTableViewDataSource.m */; };
		0367051E133EE82D00A56085 /* ChocrotaryTodayTableViewDataSource.m in Sources */ = {isa = PBXBuildFile; fileRef = 0367051D133EE82D00A56085 /* ChocrotaryTodayTableViewDataSource.m */; };
		036EAF82131755A4006C1EC1 /* ChocrotaryTableDataSource.m in Sources */ = {isa = PBXBuildFile; fileRef = 036EAF81131755A4006C1EC1 /* ChocrotaryTableDataSource.m */; };
		03A07A0513358F17002C53D6 /* TestChocrotaryProjectTableViewDelegate.m in Sources */ = {isa = PBXBuildFile; fileRef = 03A07A0413358F17002C53D6 /* TestChocrotaryProjectTableViewDelegate.m */; };
		03A07A0C13359340002C53D6 /* ChocrotaryProjectTableViewDelegate.m in Sources */ = {isa = PBXBuildFile; fileRef = 03A07A0B13359340002C53D6 /* ChocrotaryProjectTableViewDelegate.m */; };
		03A07A8313359C02002C53D6 /* TestChocrotaryScheduledTableViewDataSource.m in Sources */ = {isa = PBXBuildFile; fileRef = 03A07A8213359C02002C53D6 /* TestChocrotaryScheduledTableViewDataSource.m */; };
		03A07A8A13359CF0002C53D6 /* ChocrotaryScheduledTableViewDataSource.m in Sources */ = {isa = PBXBuildFile; fileRef = 03A07A8913359CF0002C53D6 /* ChocrotaryScheduledTableViewDataSource.m */; };
		03C97DCF131C8D8D0081FC4D /* ChocrotaryController.m in Sources */ = {isa = PBXBuildFile; fileRef = 03C97DCE131C8D8D0081FC4D /* ChocrotaryController.m */; };
		03D17878132C02A4004F43A1 /* TestChocrotarySecretary.m in Sources */ = {isa = PBXBuildFile; fileRef = 03D17877132C02A4004F43A1 /* TestChocrotarySecretary.m */; };
		03E361A2132D5750005E5BC5 /* TestChocrotaryInboxTableDataSource.m in Sources */ = {isa = PBXBuildFile; fileRef = 03E361A1132D5750005E5BC5 /* TestChocrotaryInboxTableDataSource.m */; };
		03E36203132DC2B2005E5BC5 /* ChocrotaryInboxTableViewDataSource.m in Sources */ = {isa = PBXBuildFile; fileRef = 03E36202132DC2B2005E5BC5 /* ChocrotaryInboxTableViewDataSource.m */; };
		1DDD58160DA1D0A300B32029 /* MainMenu.xib in Resources */ = {isa = PBXBuildFile; fileRef = 1DDD58140DA1D0A300B32029 /* MainMenu.xib */; };
		256AC3DA0F4B6AC300CF3369 /* ChocrotaryAppDelegate.m in Sources */ = {isa = PBXBuildFile; fileRef = 256AC3D90F4B6AC300CF3369 /* ChocrotaryAppDelegate.m */; };
		8D11072B0486CEB800E47090 /* InfoPlist.strings in Resources */ = {isa = PBXBuildFile; fileRef = 089C165CFE840E0CC02AAC07 /* InfoPlist.strings */; };
		8D11072D0486CEB800E47090 /* main.m in Sources */ = {isa = PBXBuildFile; fileRef = 29B97316FDCFA39411CA2CEA /* main.m */; settings = {ATTRIBUTES = (); }; };
		8D11072F0486CEB800E47090 /* Cocoa.framework in Frameworks */ = {isa = PBXBuildFile; fileRef = 1058C7A1FEA54F0111CA2CBB /* Cocoa.framework */; };
/* End PBXBuildFile section */

/* Begin PBXContainerItemProxy section */
		03D17874132C00C1004F43A1 /* PBXContainerItemProxy */ = {
			isa = PBXContainerItemProxy;
			containerPortal = 29B97313FDCFA39411CA2CEA /* Project object */;
			proxyType = 1;
			remoteGlobalIDString = 8D1107260486CEB800E47090;
			remoteInfo = Secretary;
		};
/* End PBXContainerItemProxy section */

/* Begin PBXFileReference section */
		0317BCB31329CC96004055F8 /* ChocrotaryProjectTableViewDataSource.h */ = {isa = PBXFileReference; fileEncoding = 4; lastKnownFileType = sourcecode.c.h; path = ChocrotaryProjectTableViewDataSource.h; sourceTree = "<group>"; };
		0317BCB41329CC96004055F8 /* ChocrotaryProjectTableViewDataSource.m */ = {isa = PBXFileReference; fileEncoding = 4; lastKnownFileType = sourcecode.c.objc; path = ChocrotaryProjectTableViewDataSource.m; sourceTree = "<group>"; };
		0317BD761329D733004055F8 /* ChocrotaryNotebook.h */ = {isa = PBXFileReference; fileEncoding = 4; lastKnownFileType = sourcecode.c.h; path = ChocrotaryNotebook.h; sourceTree = "<group>"; };
		0317BD771329D733004055F8 /* ChocrotaryNotebook.m */ = {isa = PBXFileReference; fileEncoding = 4; lastKnownFileType = sourcecode.c.objc; path = ChocrotaryNotebook.m; sourceTree = "<group>"; };
		0317BDEF1329DA56004055F8 /* ChocrotarySecretary.h */ = {isa = PBXFileReference; fileEncoding = 4; lastKnownFileType = sourcecode.c.h; path = ChocrotarySecretary.h; sourceTree = "<group>"; };
		0317BDF01329DA56004055F8 /* ChocrotarySecretary.m */ = {isa = PBXFileReference; fileEncoding = 4; lastKnownFileType = sourcecode.c.objc; path = ChocrotarySecretary.m; sourceTree = "<group>"; };
		03670494133EE0A700A56085 /* TestChocrotaryTodayTableViewDataSource.h */ = {isa = PBXFileReference; fileEncoding = 4; lastKnownFileType = sourcecode.c.h; path = TestChocrotaryTodayTableViewDataSource.h; sourceTree = "<group>"; };
		03670495133EE0A700A56085 /* TestChocrotaryTodayTableViewDataSource.m */ = {isa = PBXFileReference; fileEncoding = 4; lastKnownFileType = sourcecode.c.objc; path = TestChocrotaryTodayTableViewDataSource.m; sourceTree = "<group>"; };
		0367049C133EE11300A56085 /* ChocrotaryBaseTableViewDataSource.h */ = {isa = PBXFileReference; fileEncoding = 4; lastKnownFileType = sourcecode.c.h; path = ChocrotaryBaseTableViewDataSource.h; sourceTree = "<group>"; };
		0367049D133EE11300A56085 /* ChocrotaryBaseTableViewDataSource.m */ = {isa = PBXFileReference; fileEncoding = 4; lastKnownFileType = sourcecode.c.objc; path = ChocrotaryBaseTableViewDataSource.m; sourceTree = "<group>"; };
		0367051C133EE82D00A56085 /* ChocrotaryTodayTableViewDataSource.h */ = {isa = PBXFileReference; fileEncoding = 4; lastKnownFileType = sourcecode.c.h; path = ChocrotaryTodayTableViewDataSource.h; sourceTree = "<group>"; };
		0367051D133EE82D00A56085 /* ChocrotaryTodayTableViewDataSource.m */ = {isa = PBXFileReference; fileEncoding = 4; lastKnownFileType = sourcecode.c.objc; path = ChocrotaryTodayTableViewDataSource.m; sourceTree = "<group>"; };
		036A5C961334564B00DD767E /* ChocrotaryTableViewDataSource.h */ = {isa = PBXFileReference; fileEncoding = 4; lastKnownFileType = sourcecode.c.h; path = ChocrotaryTableViewDataSource.h; sourceTree = "<group>"; };
		036EAF80131755A4006C1EC1 /* ChocrotaryTableDataSource.h */ = {isa = PBXFileReference; fileEncoding = 4; lastKnownFileType = sourcecode.c.h; path = ChocrotaryTableDataSource.h; sourceTree = "<group>"; };
		036EAF81131755A4006C1EC1 /* ChocrotaryTableDataSource.m */ = {isa = PBXFileReference; fileEncoding = 4; lastKnownFileType = sourcecode.c.objc; path = ChocrotaryTableDataSource.m; sourceTree = "<group>"; };
		037BDB8713245D90003DFB4C /* Portuguese (Brazil) */ = {isa = PBXFileReference; lastKnownFileType = file.xib; name = "Portuguese (Brazil)"; path = "Portuguese (Brazil).lproj/MainMenu.xib"; sourceTree = "<group>"; };
		03A07A0313358F17002C53D6 /* TestChocrotaryProjectTableViewDelegate.h */ = {isa = PBXFileReference; fileEncoding = 4; lastKnownFileType = sourcecode.c.h; path = TestChocrotaryProjectTableViewDelegate.h; sourceTree = "<group>"; };
		03A07A0413358F17002C53D6 /* TestChocrotaryProjectTableViewDelegate.m */ = {isa = PBXFileReference; fileEncoding = 4; lastKnownFileType = sourcecode.c.objc; path = TestChocrotaryProjectTableViewDelegate.m; sourceTree = "<group>"; };
		03A07A0A13359340002C53D6 /* ChocrotaryProjectTableViewDelegate.h */ = {isa = PBXFileReference; fileEncoding = 4; lastKnownFileType = sourcecode.c.h; path = ChocrotaryProjectTableViewDelegate.h; sourceTree = "<group>"; };
		03A07A0B13359340002C53D6 /* ChocrotaryProjectTableViewDelegate.m */ = {isa = PBXFileReference; fileEncoding = 4; lastKnownFileType = sourcecode.c.objc; path = ChocrotaryProjectTableViewDelegate.m; sourceTree = "<group>"; };
		03A07A8113359C02002C53D6 /* TestChocrotaryScheduledTableViewDataSource.h */ = {isa = PBXFileReference; fileEncoding = 4; lastKnownFileType = sourcecode.c.h; path = TestChocrotaryScheduledTableViewDataSource.h; sourceTree = "<group>"; };
		03A07A8213359C02002C53D6 /* TestChocrotaryScheduledTableViewDataSource.m */ = {isa = PBXFileReference; fileEncoding = 4; lastKnownFileType = sourcecode.c.objc; path = TestChocrotaryScheduledTableViewDataSource.m; sourceTree = "<group>"; };
		03A07A8813359CF0002C53D6 /* ChocrotaryScheduledTableViewDataSource.h */ = {isa = PBXFileReference; fileEncoding = 4; lastKnownFileType = sourcecode.c.h; path = ChocrotaryScheduledTableViewDataSource.h; sourceTree = "<group>"; };
		03A07A8913359CF0002C53D6 /* ChocrotaryScheduledTableViewDataSource.m */ = {isa = PBXFileReference; fileEncoding = 4; lastKnownFileType = sourcecode.c.objc; path = ChocrotaryScheduledTableViewDataSource.m; sourceTree = "<group>"; };
		03C97DCD131C8D8D0081FC4D /* ChocrotaryController.h */ = {isa = PBXFileReference; fileEncoding = 4; lastKnownFileType = sourcecode.c.h; path = ChocrotaryController.h; sourceTree = "<group>"; };
		03C97DCE131C8D8D0081FC4D /* ChocrotaryController.m */ = {isa = PBXFileReference; fileEncoding = 4; lastKnownFileType = sourcecode.c.objc; path = ChocrotaryController.m; sourceTree = "<group>"; };
		03D1786F132C00A9004F43A1 /* Unit Tests.octest */ = {isa = PBXFileReference; explicitFileType = wrapper.cfbundle; includeInIndex = 0; path = "Unit Tests.octest"; sourceTree = BUILT_PRODUCTS_DIR; };
		03D17870132C00A9004F43A1 /* Unit Tests-Info.plist */ = {isa = PBXFileReference; lastKnownFileType = text.plist.xml; path = "Unit Tests-Info.plist"; sourceTree = "<group>"; };
		03D17876132C02A4004F43A1 /* TestChocrotarySecretary.h */ = {isa = PBXFileReference; fileEncoding = 4; lastKnownFileType = sourcecode.c.h; name = TestChocrotarySecretary.h; path = ../Chocrotary/TestChocrotarySecretary.h; sourceTree = SOURCE_ROOT; };
		03D17877132C02A4004F43A1 /* TestChocrotarySecretary.m */ = {isa = PBXFileReference; fileEncoding = 4; lastKnownFileType = sourcecode.c.objc; name = TestChocrotarySecretary.m; path = ../Chocrotary/TestChocrotarySecretary.m; sourceTree = SOURCE_ROOT; };
		03E361A0132D5750005E5BC5 /* TestChocrotaryInboxTableDataSource.h */ = {isa = PBXFileReference; fileEncoding = 4; lastKnownFileType = sourcecode.c.h; name = TestChocrotaryInboxTableDataSource.h; path = ../Chocrotary/TestChocrotaryInboxTableDataSource.h; sourceTree = SOURCE_ROOT; };
		03E361A1132D5750005E5BC5 /* TestChocrotaryInboxTableDataSource.m */ = {isa = PBXFileReference; fileEncoding = 4; lastKnownFileType = sourcecode.c.objc; name = TestChocrotaryInboxTableDataSource.m; path = ../Chocrotary/TestChocrotaryInboxTableDataSource.m; sourceTree = SOURCE_ROOT; };
		03E36201132DC2B2005E5BC5 /* ChocrotaryInboxTableViewDataSource.h */ = {isa = PBXFileReference; fileEncoding = 4; lastKnownFileType = sourcecode.c.h; name = ChocrotaryInboxTableViewDataSource.h; path = ../Chocrotary/ChocrotaryInboxTableViewDataSource.h; sourceTree = SOURCE_ROOT; };
		03E36202132DC2B2005E5BC5 /* ChocrotaryInboxTableViewDataSource.m */ = {isa = PBXFileReference; fileEncoding = 4; lastKnownFileType = sourcecode.c.objc; name = ChocrotaryInboxTableViewDataSource.m; path = ../Chocrotary/ChocrotaryInboxTableViewDataSource.m; sourceTree = SOURCE_ROOT; };
		03E36213132DC44D005E5BC5 /* ChocrotaryNotebook.h */ = {isa = PBXFileReference; fileEncoding = 4; lastKnownFileType = sourcecode.c.h; name = ChocrotaryNotebook.h; path = ../Chocrotary/ChocrotaryNotebook.h; sourceTree = SOURCE_ROOT; };
		089C165DFE840E0CC02AAC07 /* English */ = {isa = PBXFileReference; fileEncoding = 4; lastKnownFileType = text.plist.strings; name = English; path = English.lproj/InfoPlist.strings; sourceTree = "<group>"; };
		1058C7A1FEA54F0111CA2CBB /* Cocoa.framework */ = {isa = PBXFileReference; lastKnownFileType = wrapper.framework; name = Cocoa.framework; path = /System/Library/Frameworks/Cocoa.framework; sourceTree = "<absolute>"; };
		13E42FB307B3F0F600E4EEF1 /* CoreData.framework */ = {isa = PBXFileReference; lastKnownFileType = wrapper.framework; name = CoreData.framework; path = /System/Library/Frameworks/CoreData.framework; sourceTree = "<absolute>"; };
		1DDD58150DA1D0A300B32029 /* English */ = {isa = PBXFileReference; lastKnownFileType = file.xib; name = English; path = English.lproj/MainMenu.xib; sourceTree = "<group>"; };
		256AC3D80F4B6AC300CF3369 /* ChocrotaryAppDelegate.h */ = {isa = PBXFileReference; fileEncoding = 4; lastKnownFileType = sourcecode.c.h; path = ChocrotaryAppDelegate.h; sourceTree = "<group>"; };
		256AC3D90F4B6AC300CF3369 /* ChocrotaryAppDelegate.m */ = {isa = PBXFileReference; fileEncoding = 4; lastKnownFileType = sourcecode.c.objc; path = ChocrotaryAppDelegate.m; sourceTree = "<group>"; };
		256AC3F00F4B6AF500CF3369 /* Secretary_Prefix.pch */ = {isa = PBXFileReference; fileEncoding = 4; lastKnownFileType = sourcecode.c.h; path = Secretary_Prefix.pch; sourceTree = "<group>"; };
		29B97316FDCFA39411CA2CEA /* main.m */ = {isa = PBXFileReference; fileEncoding = 4; lastKnownFileType = sourcecode.c.objc; path = main.m; sourceTree = "<group>"; };
		29B97324FDCFA39411CA2CEA /* AppKit.framework */ = {isa = PBXFileReference; lastKnownFileType = wrapper.framework; name = AppKit.framework; path = /System/Library/Frameworks/AppKit.framework; sourceTree = "<absolute>"; };
		29B97325FDCFA39411CA2CEA /* Foundation.framework */ = {isa = PBXFileReference; lastKnownFileType = wrapper.framework; name = Foundation.framework; path = /System/Library/Frameworks/Foundation.framework; sourceTree = "<absolute>"; };
		8D1107310486CEB800E47090 /* Secretary-Info.plist */ = {isa = PBXFileReference; fileEncoding = 4; lastKnownFileType = text.plist.xml; path = "Secretary-Info.plist"; sourceTree = "<group>"; };
		8D1107320486CEB800E47090 /* Secretary.app */ = {isa = PBXFileReference; explicitFileType = wrapper.application; includeInIndex = 0; path = Secretary.app; sourceTree = BUILT_PRODUCTS_DIR; };
/* End PBXFileReference section */

/* Begin PBXFrameworksBuildPhase section */
		03D1786C132C00A9004F43A1 /* Frameworks */ = {
			isa = PBXFrameworksBuildPhase;
			buildActionMask = 2147483647;
			files = (
			);
			runOnlyForDeploymentPostprocessing = 0;
		};
		8D11072E0486CEB800E47090 /* Frameworks */ = {
			isa = PBXFrameworksBuildPhase;
			buildActionMask = 2147483647;
			files = (
				8D11072F0486CEB800E47090 /* Cocoa.framework in Frameworks */,
			);
			runOnlyForDeploymentPostprocessing = 0;
		};
/* End PBXFrameworksBuildPhase section */

/* Begin PBXGroup section */
		036704A2133EE17E00A56085 /* TableView Data Sources */ = {
			isa = PBXGroup;
			children = (
				03E36201132DC2B2005E5BC5 /* ChocrotaryInboxTableViewDataSource.h */,
				03E36202132DC2B2005E5BC5 /* ChocrotaryInboxTableViewDataSource.m */,
				0317BCB31329CC96004055F8 /* ChocrotaryProjectTableViewDataSource.h */,
				0317BCB41329CC96004055F8 /* ChocrotaryProjectTableViewDataSource.m */,
				03A07A0A13359340002C53D6 /* ChocrotaryProjectTableViewDelegate.h */,
				03A07A0B13359340002C53D6 /* ChocrotaryProjectTableViewDelegate.m */,
				03A07A8813359CF0002C53D6 /* ChocrotaryScheduledTableViewDataSource.h */,
				03A07A8913359CF0002C53D6 /* ChocrotaryScheduledTableViewDataSource.m */,
				0367049C133EE11300A56085 /* ChocrotaryBaseTableViewDataSource.h */,
				0367049D133EE11300A56085 /* ChocrotaryBaseTableViewDataSource.m */,
				0367051C133EE82D00A56085 /* ChocrotaryTodayTableViewDataSource.h */,
				0367051D133EE82D00A56085 /* ChocrotaryTodayTableViewDataSource.m */,
			);
			name = "TableView Data Sources";
			sourceTree = "<group>";
		};
		03BBF1C11331AC2F00E28732 /* Test Classes */ = {
			isa = PBXGroup;
			children = (
				03D17876132C02A4004F43A1 /* TestChocrotarySecretary.h */,
				03D17877132C02A4004F43A1 /* TestChocrotarySecretary.m */,
				03E361A0132D5750005E5BC5 /* TestChocrotaryInboxTableDataSource.h */,
				03E361A1132D5750005E5BC5 /* TestChocrotaryInboxTableDataSource.m */,
				03A07A0313358F17002C53D6 /* TestChocrotaryProjectTableViewDelegate.h */,
				03A07A0413358F17002C53D6 /* TestChocrotaryProjectTableViewDelegate.m */,
				03A07A8113359C02002C53D6 /* TestChocrotaryScheduledTableViewDataSource.h */,
				03A07A8213359C02002C53D6 /* TestChocrotaryScheduledTableViewDataSource.m */,
				03670494133EE0A700A56085 /* TestChocrotaryTodayTableViewDataSource.h */,
				03670495133EE0A700A56085 /* TestChocrotaryTodayTableViewDataSource.m */,
			);
			name = "Test Classes";
			sourceTree = "<group>";
		};
		080E96DDFE201D6D7F000001 /* Classes */ = {
			isa = PBXGroup;
			children = (
				036704A2133EE17E00A56085 /* TableView Data Sources */,
				03E36213132DC44D005E5BC5 /* ChocrotaryNotebook.h */,
				256AC3D80F4B6AC300CF3369 /* ChocrotaryAppDelegate.h */,
				256AC3D90F4B6AC300CF3369 /* ChocrotaryAppDelegate.m */,
				036EAF80131755A4006C1EC1 /* ChocrotaryTableDataSource.h */,
				036EAF81131755A4006C1EC1 /* ChocrotaryTableDataSource.m */,
				03C97DCD131C8D8D0081FC4D /* ChocrotaryController.h */,
				03C97DCE131C8D8D0081FC4D /* ChocrotaryController.m */,
				0317BD761329D733004055F8 /* ChocrotaryNotebook.h */,
				0317BD771329D733004055F8 /* ChocrotaryNotebook.m */,
				0317BDEF1329DA56004055F8 /* ChocrotarySecretary.h */,
				0317BDF01329DA56004055F8 /* ChocrotarySecretary.m */,
				036A5C961334564B00DD767E /* ChocrotaryTableViewDataSource.h */,
			);
			name = Classes;
			sourceTree = "<group>";
		};
		1058C7A0FEA54F0111CA2CBB /* Linked Frameworks */ = {
			isa = PBXGroup;
			children = (
				1058C7A1FEA54F0111CA2CBB /* Cocoa.framework */,
			);
			name = "Linked Frameworks";
			sourceTree = "<group>";
		};
		1058C7A2FEA54F0111CA2CBB /* Other Frameworks */ = {
			isa = PBXGroup;
			children = (
				29B97324FDCFA39411CA2CEA /* AppKit.framework */,
				13E42FB307B3F0F600E4EEF1 /* CoreData.framework */,
				29B97325FDCFA39411CA2CEA /* Foundation.framework */,
			);
			name = "Other Frameworks";
			sourceTree = "<group>";
		};
		19C28FACFE9D520D11CA2CBB /* Products */ = {
			isa = PBXGroup;
			children = (
				8D1107320486CEB800E47090 /* Secretary.app */,
				03D1786F132C00A9004F43A1 /* Unit Tests.octest */,
			);
			name = Products;
			sourceTree = "<group>";
		};
		29B97314FDCFA39411CA2CEA /* Chocrotary */ = {
			isa = PBXGroup;
			children = (
				03BBF1C11331AC2F00E28732 /* Test Classes */,
				080E96DDFE201D6D7F000001 /* Classes */,
				29B97315FDCFA39411CA2CEA /* Other Sources */,
				29B97317FDCFA39411CA2CEA /* Resources */,
				29B97323FDCFA39411CA2CEA /* Frameworks */,
				19C28FACFE9D520D11CA2CBB /* Products */,
				03D17870132C00A9004F43A1 /* Unit Tests-Info.plist */,
			);
			name = Chocrotary;
			sourceTree = "<group>";
		};
		29B97315FDCFA39411CA2CEA /* Other Sources */ = {
			isa = PBXGroup;
			children = (
				256AC3F00F4B6AF500CF3369 /* Secretary_Prefix.pch */,
				29B97316FDCFA39411CA2CEA /* main.m */,
			);
			name = "Other Sources";
			sourceTree = "<group>";
		};
		29B97317FDCFA39411CA2CEA /* Resources */ = {
			isa = PBXGroup;
			children = (
				8D1107310486CEB800E47090 /* Secretary-Info.plist */,
				089C165CFE840E0CC02AAC07 /* InfoPlist.strings */,
				1DDD58140DA1D0A300B32029 /* MainMenu.xib */,
			);
			name = Resources;
			sourceTree = "<group>";
		};
		29B97323FDCFA39411CA2CEA /* Frameworks */ = {
			isa = PBXGroup;
			children = (
				1058C7A0FEA54F0111CA2CBB /* Linked Frameworks */,
				1058C7A2FEA54F0111CA2CBB /* Other Frameworks */,
			);
			name = Frameworks;
			sourceTree = "<group>";
		};
/* End PBXGroup section */

/* Begin PBXNativeTarget section */
		03D1786E132C00A9004F43A1 /* Unit Tests */ = {
			isa = PBXNativeTarget;
			buildConfigurationList = 03D17873132C00A9004F43A1 /* Build configuration list for PBXNativeTarget "Unit Tests" */;
			buildPhases = (
				03D1786A132C00A9004F43A1 /* Resources */,
				03D1786B132C00A9004F43A1 /* Sources */,
				03D1786C132C00A9004F43A1 /* Frameworks */,
				03D1786D132C00A9004F43A1 /* ShellScript */,
			);
			buildRules = (
			);
			dependencies = (
				03D17875132C00C1004F43A1 /* PBXTargetDependency */,
			);
			name = "Unit Tests";
			productName = "Unit Tests";
			productReference = 03D1786F132C00A9004F43A1 /* Unit Tests.octest */;
			productType = "com.apple.product-type.bundle";
		};
		8D1107260486CEB800E47090 /* Secretary */ = {
			isa = PBXNativeTarget;
			buildConfigurationList = C01FCF4A08A954540054247B /* Build configuration list for PBXNativeTarget "Secretary" */;
			buildPhases = (
				8D1107290486CEB800E47090 /* Resources */,
				8D11072C0486CEB800E47090 /* Sources */,
				8D11072E0486CEB800E47090 /* Frameworks */,
			);
			buildRules = (
			);
			dependencies = (
			);
			name = Secretary;
			productInstallPath = "$(HOME)/Applications";
			productName = Chocrotary;
			productReference = 8D1107320486CEB800E47090 /* Secretary.app */;
			productType = "com.apple.product-type.application";
		};
/* End PBXNativeTarget section */

/* Begin PBXProject section */
		29B97313FDCFA39411CA2CEA /* Project object */ = {
			isa = PBXProject;
			buildConfigurationList = C01FCF4E08A954540054247B /* Build configuration list for PBXProject "Secretary" */;
			compatibilityVersion = "Xcode 3.1";
			developmentRegion = English;
			hasScannedForEncodings = 1;
			knownRegions = (
				English,
				Japanese,
				French,
				German,
				"Portuguese (Brazil)",
			);
			mainGroup = 29B97314FDCFA39411CA2CEA /* Chocrotary */;
			projectDirPath = "";
			projectRoot = "";
			targets = (
				8D1107260486CEB800E47090 /* Secretary */,
				03D1786E132C00A9004F43A1 /* Unit Tests */,
			);
		};
/* End PBXProject section */

/* Begin PBXResourcesBuildPhase section */
		03D1786A132C00A9004F43A1 /* Resources */ = {
			isa = PBXResourcesBuildPhase;
			buildActionMask = 2147483647;
			files = (
			);
			runOnlyForDeploymentPostprocessing = 0;
		};
		8D1107290486CEB800E47090 /* Resources */ = {
			isa = PBXResourcesBuildPhase;
			buildActionMask = 2147483647;
			files = (
				8D11072B0486CEB800E47090 /* InfoPlist.strings in Resources */,
				1DDD58160DA1D0A300B32029 /* MainMenu.xib in Resources */,
			);
			runOnlyForDeploymentPostprocessing = 0;
		};
/* End PBXResourcesBuildPhase section */

/* Begin PBXShellScriptBuildPhase section */
		03D1786D132C00A9004F43A1 /* ShellScript */ = {
			isa = PBXShellScriptBuildPhase;
			buildActionMask = 2147483647;
			files = (
			);
			inputPaths = (
			);
			outputPaths = (
			);
			runOnlyForDeploymentPostprocessing = 0;
			shellPath = /bin/sh;
			shellScript = "# Run the unit tests in this test bundle.\n\"${SYSTEM_DEVELOPER_DIR}/Tools/RunUnitTests\"\n";
		};
/* End PBXShellScriptBuildPhase section */

/* Begin PBXSourcesBuildPhase section */
		03D1786B132C00A9004F43A1 /* Sources */ = {
			isa = PBXSourcesBuildPhase;
			buildActionMask = 2147483647;
			files = (
				03D17878132C02A4004F43A1 /* TestChocrotarySecretary.m in Sources */,
				03E361A2132D5750005E5BC5 /* TestChocrotaryInboxTableDataSource.m in Sources */,
				03A07A0513358F17002C53D6 /* TestChocrotaryProjectTableViewDelegate.m in Sources */,
				03A07A8313359C02002C53D6 /* TestChocrotaryScheduledTableViewDataSource.m in Sources */,
				03670496133EE0A700A56085 /* TestChocrotaryTodayTableViewDataSource.m in Sources */,
			);
			runOnlyForDeploymentPostprocessing = 0;
		};
		8D11072C0486CEB800E47090 /* Sources */ = {
			isa = PBXSourcesBuildPhase;
			buildActionMask = 2147483647;
			files = (
				8D11072D0486CEB800E47090 /* main.m in Sources */,
				256AC3DA0F4B6AC300CF3369 /* ChocrotaryAppDelegate.m in Sources */,
				036EAF82131755A4006C1EC1 /* ChocrotaryTableDataSource.m in Sources */,
				03C97DCF131C8D8D0081FC4D /* ChocrotaryController.m in Sources */,
				0317BCB51329CC96004055F8 /* ChocrotaryProjectTableViewDataSource.m in Sources */,
				0317BD781329D733004055F8 /* ChocrotaryNotebook.m in Sources */,
				0317BDF11329DA56004055F8 /* ChocrotarySecretary.m in Sources */,
				03E36203132DC2B2005E5BC5 /* ChocrotaryInboxTableViewDataSource.m in Sources */,
				03A07A0C13359340002C53D6 /* ChocrotaryProjectTableViewDelegate.m in Sources */,
				03A07A8A13359CF0002C53D6 /* ChocrotaryScheduledTableViewDataSource.m in Sources */,
				0367049E133EE11300A56085 /* ChocrotaryBaseTableViewDataSource.m in Sources */,
				0367051E133EE82D00A56085 /* ChocrotaryTodayTableViewDataSource.m in Sources */,
			);
			runOnlyForDeploymentPostprocessing = 0;
		};
/* End PBXSourcesBuildPhase section */

/* Begin PBXTargetDependency section */
		03D17875132C00C1004F43A1 /* PBXTargetDependency */ = {
			isa = PBXTargetDependency;
			target = 8D1107260486CEB800E47090 /* Secretary */;
			targetProxy = 03D17874132C00C1004F43A1 /* PBXContainerItemProxy */;
		};
/* End PBXTargetDependency section */

/* Begin PBXVariantGroup section */
		089C165CFE840E0CC02AAC07 /* InfoPlist.strings */ = {
			isa = PBXVariantGroup;
			children = (
				089C165DFE840E0CC02AAC07 /* English */,
			);
			name = InfoPlist.strings;
			sourceTree = "<group>";
		};
		1DDD58140DA1D0A300B32029 /* MainMenu.xib */ = {
			isa = PBXVariantGroup;
			children = (
				1DDD58150DA1D0A300B32029 /* English */,
				037BDB8713245D90003DFB4C /* Portuguese (Brazil) */,
			);
			name = MainMenu.xib;
			sourceTree = "<group>";
		};
/* End PBXVariantGroup section */

/* Begin XCBuildConfiguration section */
		03D17871132C00A9004F43A1 /* Debug */ = {
			isa = XCBuildConfiguration;
			buildSettings = {
				ALWAYS_SEARCH_USER_PATHS = NO;
				BUNDLE_LOADER = "$(TEST_HOST)";
				COPY_PHASE_STRIP = NO;
				FRAMEWORK_SEARCH_PATHS = "$(DEVELOPER_LIBRARY_DIR)/Frameworks";
				GCC_DYNAMIC_NO_PIC = NO;
				GCC_ENABLE_FIX_AND_CONTINUE = NO;
				GCC_ENABLE_OBJC_EXCEPTIONS = YES;
				GCC_MODEL_TUNING = G5;
				GCC_OPTIMIZATION_LEVEL = 0;
				GCC_PRECOMPILE_PREFIX_HEADER = YES;
				GCC_PREFIX_HEADER = "$(SYSTEM_LIBRARY_DIR)/Frameworks/Cocoa.framework/Headers/Cocoa.h";
				HEADER_SEARCH_PATHS = ../lib/include;
				INFOPLIST_FILE = "Unit Tests-Info.plist";
				INSTALL_PATH = "$(USER_LIBRARY_DIR)/Bundles";
				OTHER_LDFLAGS = (
					"-framework",
					Cocoa,
					"-framework",
					SenTestingKit,
					../lib/libsecretary.a,
				);
				PREBINDING = NO;
				PRODUCT_NAME = "Unit Tests";
				TEST_HOST = "$(BUILT_PRODUCTS_DIR)/Secretary.app/Contents/MacOS/Secretary";
				WRAPPER_EXTENSION = octest;
			};
			name = Debug;
		};
		03D17872132C00A9004F43A1 /* Release */ = {
			isa = XCBuildConfiguration;
			buildSettings = {
				ALWAYS_SEARCH_USER_PATHS = NO;
				COPY_PHASE_STRIP = YES;
				DEBUG_INFORMATION_FORMAT = "dwarf-with-dsym";
				FRAMEWORK_SEARCH_PATHS = "$(DEVELOPER_LIBRARY_DIR)/Frameworks";
				GCC_ENABLE_FIX_AND_CONTINUE = NO;
				GCC_ENABLE_OBJC_EXCEPTIONS = YES;
				GCC_MODEL_TUNING = G5;
				GCC_PRECOMPILE_PREFIX_HEADER = YES;
				GCC_PREFIX_HEADER = "$(SYSTEM_LIBRARY_DIR)/Frameworks/Cocoa.framework/Headers/Cocoa.h";
				INFOPLIST_FILE = "Unit Tests-Info.plist";
				INSTALL_PATH = "$(USER_LIBRARY_DIR)/Bundles";
				OTHER_LDFLAGS = (
					"-framework",
					Cocoa,
					"-framework",
					SenTestingKit,
				);
				PREBINDING = NO;
				PRODUCT_NAME = "Unit Tests";
				WRAPPER_EXTENSION = octest;
				ZERO_LINK = NO;
			};
			name = Release;
		};
		C01FCF4B08A954540054247B /* Debug */ = {
			isa = XCBuildConfiguration;
			buildSettings = {
				ALWAYS_SEARCH_USER_PATHS = NO;
				COPY_PHASE_STRIP = NO;
				GCC_DYNAMIC_NO_PIC = NO;
				GCC_ENABLE_FIX_AND_CONTINUE = YES;
				GCC_MODEL_TUNING = G5;
				GCC_OPTIMIZATION_LEVEL = 0;
				GCC_PRECOMPILE_PREFIX_HEADER = YES;
				GCC_PREFIX_HEADER = Secretary_Prefix.pch;
				HEADER_SEARCH_PATHS = (
					"./**",
					"../lib/include/**",
				);
				INFOPLIST_FILE = "Secretary-Info.plist";
				INSTALL_PATH = "$(HOME)/Applications";
				LD_RUNPATH_SEARCH_PATHS = "";
				LIBRARY_SEARCH_PATHS = (
					"$(inherited)",
					"\"$(SRCROOT)/../lib\"",
					../lib,
				);
				OTHER_LDFLAGS = ../lib/libsecretary.a;
				PRODUCT_NAME = Secretary;
			};
			name = Debug;
		};
		C01FCF4C08A954540054247B /* Release */ = {
			isa = XCBuildConfiguration;
			buildSettings = {
				ALWAYS_SEARCH_USER_PATHS = NO;
				DEBUG_INFORMATION_FORMAT = "dwarf-with-dsym";
				GCC_MODEL_TUNING = G5;
				GCC_PRECOMPILE_PREFIX_HEADER = YES;
				GCC_PREFIX_HEADER = Secretary_Prefix.pch;
				INFOPLIST_FILE = "Secretary-Info.plist";
				INSTALL_PATH = "$(HOME)/Applications";
				LIBRARY_SEARCH_PATHS = (
					"$(inherited)",
					"\"$(SRCROOT)/../lib\"",
				);
				PRODUCT_NAME = Secretary;
			};
			name = Release;
		};
		C01FCF4F08A954540054247B /* Debug */ = {
			isa = XCBuildConfiguration;
			buildSettings = {
				ARCHS = "$(ARCHS_STANDARD_32_64_BIT)";
				GCC_C_LANGUAGE_STANDARD = gnu99;
				GCC_OPTIMIZATION_LEVEL = 0;
				GCC_WARN_ABOUT_RETURN_TYPE = YES;
				GCC_WARN_UNUSED_VARIABLE = YES;
				ONLY_ACTIVE_ARCH = YES;
				PREBINDING = NO;
				SDKROOT = macosx10.6;
			};
			name = Debug;
		};
		C01FCF5008A954540054247B /* Release */ = {
			isa = XCBuildConfiguration;
			buildSettings = {
				ARCHS = "$(ARCHS_STANDARD_32_64_BIT)";
				GCC_C_LANGUAGE_STANDARD = gnu99;
				GCC_WARN_ABOUT_RETURN_TYPE = YES;
				GCC_WARN_UNUSED_VARIABLE = YES;
				PREBINDING = NO;
				SDKROOT = macosx10.6;
			};
			name = Release;
		};
/* End XCBuildConfiguration section */

/* Begin XCConfigurationList section */
		03D17873132C00A9004F43A1 /* Build configuration list for PBXNativeTarget "Unit Tests" */ = {
			isa = XCConfigurationList;
			buildConfigurations = (
				03D17871132C00A9004F43A1 /* Debug */,
				03D17872132C00A9004F43A1 /* Release */,
			);
			defaultConfigurationIsVisible = 0;
			defaultConfigurationName = Release;
		};
		C01FCF4A08A954540054247B /* Build configuration list for PBXNativeTarget "Secretary" */ = {
			isa = XCConfigurationList;
			buildConfigurations = (
				C01FCF4B08A954540054247B /* Debug */,
				C01FCF4C08A954540054247B /* Release */,
			);
			defaultConfigurationIsVisible = 0;
			defaultConfigurationName = Release;
		};
		C01FCF4E08A954540054247B /* Build configuration list for PBXProject "Secretary" */ = {
			isa = XCConfigurationList;
			buildConfigurations = (
				C01FCF4F08A954540054247B /* Debug */,
				C01FCF5008A954540054247B /* Release */,
			);
			defaultConfigurationIsVisible = 0;
			defaultConfigurationName = Release;
		};
/* End XCConfigurationList section */
	};
	rootObject = 29B97313FDCFA39411CA2CEA /* Project object */;
}
