// !$*UTF8*$!
{
	archiveVersion = 1;
	classes = {
	};
	objectVersion = 45;
	objects = {

/* Begin PBXAggregateTarget section */
		03326A8013569C2100A263F2 /* Generate .dmg */ = {
			isa = PBXAggregateTarget;
			buildConfigurationList = 03326A8713569C7200A263F2 /* Build configuration list for PBXAggregateTarget "Generate .dmg" */;
			buildPhases = (
				03326A7F13569C2100A263F2 /* ShellScript */,
			);
			dependencies = (
				03326A8613569C5400A263F2 /* PBXTargetDependency */,
			);
			name = "Generate .dmg";
			productName = "Generate .dmg";
		};
/* End PBXAggregateTarget section */

/* Begin PBXBuildFile section */
		0307411A136115EF007A80E8 /* ChocrotarySecretaryObserverStub.m in Sources */ = {isa = PBXBuildFile; fileRef = 03074119136115EF007A80E8 /* ChocrotarySecretaryObserverStub.m */; };
		0317BCB51329CC96004055F8 /* ChocrotaryProjectTableViewDataSource.m in Sources */ = {isa = PBXBuildFile; fileRef = 0317BCB41329CC96004055F8 /* ChocrotaryProjectTableViewDataSource.m */; };
		0317BD781329D733004055F8 /* ChocrotaryNotebook.m in Sources */ = {isa = PBXBuildFile; fileRef = 0317BD771329D733004055F8 /* ChocrotaryNotebook.m */; };
		0317BDF11329DA56004055F8 /* ChocrotarySecretary.m in Sources */ = {isa = PBXBuildFile; fileRef = 0317BDF01329DA56004055F8 /* ChocrotarySecretary.m */; };
		03305964134000CF007B0B1C /* TestChocrotaryTasksInProjectTableViewDataSource.m in Sources */ = {isa = PBXBuildFile; fileRef = 03305963134000CF007B0B1C /* TestChocrotaryTasksInProjectTableViewDataSource.m */; };
		0330597513400159007B0B1C /* ChocrotaryTasksInProjectTableViewDataSource.m in Sources */ = {isa = PBXBuildFile; fileRef = 0330597413400159007B0B1C /* ChocrotaryTasksInProjectTableViewDataSource.m */; };
		03363FCF134CB7D4007B0786 /* TestChocrotaryTaskTableViewDelegate.m in Sources */ = {isa = PBXBuildFile; fileRef = 03363FCE134CB7D4007B0786 /* TestChocrotaryTaskTableViewDelegate.m */; };
		0350AFFE134D6A7200AFBD04 /* ChocrotaryTaskTableViewDelegate.m in Sources */ = {isa = PBXBuildFile; fileRef = 0350AFFD134D6A7200AFBD04 /* ChocrotaryTaskTableViewDelegate.m */; };
		03670496133EE0A700A56085 /* TestChocrotaryTodayTableViewDataSource.m in Sources */ = {isa = PBXBuildFile; fileRef = 03670495133EE0A700A56085 /* TestChocrotaryTodayTableViewDataSource.m */; };
		0367049E133EE11300A56085 /* ChocrotaryBaseTableViewDataSource.m in Sources */ = {isa = PBXBuildFile; fileRef = 0367049D133EE11300A56085 /* ChocrotaryBaseTableViewDataSource.m */; };
		0367051E133EE82D00A56085 /* ChocrotaryTodayTableViewDataSource.m in Sources */ = {isa = PBXBuildFile; fileRef = 0367051D133EE82D00A56085 /* ChocrotaryTodayTableViewDataSource.m */; };
		036E2D131365122B00FA983E /* ChocrotarySecretaryInboxPerspective.m in Sources */ = {isa = PBXBuildFile; fileRef = 036E2D081365122B00FA983E /* ChocrotarySecretaryInboxPerspective.m */; };
		036E2D161365122B00FA983E /* ChocrotarySecretaryScheduledForTodayPerspective.m in Sources */ = {isa = PBXBuildFile; fileRef = 036E2D0E1365122B00FA983E /* ChocrotarySecretaryScheduledForTodayPerspective.m */; };
		036E2D171365122B00FA983E /* ChocrotarySecretaryScheduledPerspective.m in Sources */ = {isa = PBXBuildFile; fileRef = 036E2D101365122B00FA983E /* ChocrotarySecretaryScheduledPerspective.m */; };
		036E2D1B1365125900FA983E /* TestChocrotarySecretaryPerspective.m in Sources */ = {isa = PBXBuildFile; fileRef = 036E2D1A1365125900FA983E /* TestChocrotarySecretaryPerspective.m */; };
		038672071356971A0049B310 /* project-add.tiff in Resources */ = {isa = PBXBuildFile; fileRef = 038672031356971A0049B310 /* project-add.tiff */; };
		038672081356971A0049B310 /* project-remove.tiff in Resources */ = {isa = PBXBuildFile; fileRef = 038672041356971A0049B310 /* project-remove.tiff */; };
		038672091356971A0049B310 /* task-add.tiff in Resources */ = {isa = PBXBuildFile; fileRef = 038672051356971A0049B310 /* task-add.tiff */; };
		0386720A1356971A0049B310 /* task-remove.tiff in Resources */ = {isa = PBXBuildFile; fileRef = 038672061356971A0049B310 /* task-remove.tiff */; };
		03867210135697320049B310 /* Secretary.icns in Resources */ = {isa = PBXBuildFile; fileRef = 0386720F135697320049B310 /* Secretary.icns */; };
		039A27EB1341A40300FE9038 /* ChocrotarySecretaryProjectPerspective.m in Sources */ = {isa = PBXBuildFile; fileRef = 039A27EA1341A40300FE9038 /* ChocrotarySecretaryProjectPerspective.m */; };
		03A07A0513358F17002C53D6 /* TestChocrotaryProjectTableViewDelegate.m in Sources */ = {isa = PBXBuildFile; fileRef = 03A07A0413358F17002C53D6 /* TestChocrotaryProjectTableViewDelegate.m */; };
		03A07A0C13359340002C53D6 /* ChocrotaryProjectTableViewDelegate.m in Sources */ = {isa = PBXBuildFile; fileRef = 03A07A0B13359340002C53D6 /* ChocrotaryProjectTableViewDelegate.m */; };
		03A07A8313359C02002C53D6 /* TestChocrotaryScheduledTableViewDataSource.m in Sources */ = {isa = PBXBuildFile; fileRef = 03A07A8213359C02002C53D6 /* TestChocrotaryScheduledTableViewDataSource.m */; };
		03A07A8A13359CF0002C53D6 /* ChocrotaryScheduledTableViewDataSource.m in Sources */ = {isa = PBXBuildFile; fileRef = 03A07A8913359CF0002C53D6 /* ChocrotaryScheduledTableViewDataSource.m */; };
		03C0E2F11365188B008CEFB9 /* ChocrotarySecretaryPerspective.m in Sources */ = {isa = PBXBuildFile; fileRef = 036E2D0A1365122B00FA983E /* ChocrotarySecretaryPerspective.m */; };
		03C97DCF131C8D8D0081FC4D /* ChocrotaryController.m in Sources */ = {isa = PBXBuildFile; fileRef = 03C97DCE131C8D8D0081FC4D /* ChocrotaryController.m */; };
		03CC289B134ABEF100769D49 /* TestChocrotaryController.m in Sources */ = {isa = PBXBuildFile; fileRef = 03CC289A134ABEF100769D49 /* TestChocrotaryController.m */; };
		03D17878132C02A4004F43A1 /* TestChocrotarySecretary.m in Sources */ = {isa = PBXBuildFile; fileRef = 03D17877132C02A4004F43A1 /* TestChocrotarySecretary.m */; };
		03E361A2132D5750005E5BC5 /* TestChocrotaryInboxTableDataSource.m in Sources */ = {isa = PBXBuildFile; fileRef = 03E361A1132D5750005E5BC5 /* TestChocrotaryInboxTableDataSource.m */; };
		03E36203132DC2B2005E5BC5 /* ChocrotaryInboxTableViewDataSource.m in Sources */ = {isa = PBXBuildFile; fileRef = 03E36202132DC2B2005E5BC5 /* ChocrotaryInboxTableViewDataSource.m */; };
		1DDD58160DA1D0A300B32029 /* MainMenu.xib in Resources */ = {isa = PBXBuildFile; fileRef = 1DDD58140DA1D0A300B32029 /* MainMenu.xib */; };
		256AC3DA0F4B6AC300CF3369 /* ChocrotaryAppDelegate.m in Sources */ = {isa = PBXBuildFile; fileRef = 256AC3D90F4B6AC300CF3369 /* ChocrotaryAppDelegate.m */; };
		8D11072B0486CEB800E47090 /* InfoPlist.strings in Resources */ = {isa = PBXBuildFile; fileRef = 089C165CFE840E0CC02AAC07 /* InfoPlist.strings */; };
		8D11072D0486CEB800E47090 /* main.m in Sources */ = {isa = PBXBuildFile; fileRef = 29B97316FDCFA39411CA2CEA /* main.m */; settings = {ATTRIBUTES = (); }; };
		8D11072F0486CEB800E47090 /* Cocoa.framework in Frameworks */ = {isa = PBXBuildFile; fileRef = 1058C7A1FEA54F0111CA2CBB /* Cocoa.framework */; };
/* End PBXBuildFile section */

/* Begin PBXContainerItemProxy section */
		03326A8513569C5400A263F2 /* PBXContainerItemProxy */ = {
			isa = PBXContainerItemProxy;
			containerPortal = 29B97313FDCFA39411CA2CEA /* Project object */;
			proxyType = 1;
			remoteGlobalIDString = 8D1107260486CEB800E47090;
			remoteInfo = Secretary;
		};
		03D17874132C00C1004F43A1 /* PBXContainerItemProxy */ = {
			isa = PBXContainerItemProxy;
			containerPortal = 29B97313FDCFA39411CA2CEA /* Project object */;
			proxyType = 1;
			remoteGlobalIDString = 8D1107260486CEB800E47090;
			remoteInfo = Secretary;
		};
/* End PBXContainerItemProxy section */

/* Begin PBXFileReference section */
		0307410B1361143E007A80E8 /* ChocrotarySecretaryObserver.h */ = {isa = PBXFileReference; fileEncoding = 4; lastKnownFileType = sourcecode.c.h; path = ChocrotarySecretaryObserver.h; sourceTree = "<group>"; };
		03074118136115EF007A80E8 /* ChocrotarySecretaryObserverStub.h */ = {isa = PBXFileReference; fileEncoding = 4; lastKnownFileType = sourcecode.c.h; path = ChocrotarySecretaryObserverStub.h; sourceTree = "<group>"; };
		03074119136115EF007A80E8 /* ChocrotarySecretaryObserverStub.m */ = {isa = PBXFileReference; fileEncoding = 4; lastKnownFileType = sourcecode.c.objc; path = ChocrotarySecretaryObserverStub.m; sourceTree = "<group>"; };
		0317BCB31329CC96004055F8 /* ChocrotaryProjectTableViewDataSource.h */ = {isa = PBXFileReference; fileEncoding = 4; lastKnownFileType = sourcecode.c.h; path = ChocrotaryProjectTableViewDataSource.h; sourceTree = "<group>"; };
		0317BCB41329CC96004055F8 /* ChocrotaryProjectTableViewDataSource.m */ = {isa = PBXFileReference; fileEncoding = 4; lastKnownFileType = sourcecode.c.objc; path = ChocrotaryProjectTableViewDataSource.m; sourceTree = "<group>"; };
		0317BD761329D733004055F8 /* ChocrotaryNotebook.h */ = {isa = PBXFileReference; fileEncoding = 4; lastKnownFileType = sourcecode.c.h; path = ChocrotaryNotebook.h; sourceTree = "<group>"; };
		0317BD771329D733004055F8 /* ChocrotaryNotebook.m */ = {isa = PBXFileReference; fileEncoding = 4; lastKnownFileType = sourcecode.c.objc; path = ChocrotaryNotebook.m; sourceTree = "<group>"; };
		0317BDEF1329DA56004055F8 /* ChocrotarySecretary.h */ = {isa = PBXFileReference; fileEncoding = 4; lastKnownFileType = sourcecode.c.h; path = ChocrotarySecretary.h; sourceTree = "<group>"; };
		0317BDF01329DA56004055F8 /* ChocrotarySecretary.m */ = {isa = PBXFileReference; fileEncoding = 4; lastKnownFileType = sourcecode.c.objc; path = ChocrotarySecretary.m; sourceTree = "<group>"; };
		03305962134000CF007B0B1C /* TestChocrotaryTasksInProjectTableViewDataSource.h */ = {isa = PBXFileReference; fileEncoding = 4; lastKnownFileType = sourcecode.c.h; path = TestChocrotaryTasksInProjectTableViewDataSource.h; sourceTree = "<group>"; };
		03305963134000CF007B0B1C /* TestChocrotaryTasksInProjectTableViewDataSource.m */ = {isa = PBXFileReference; fileEncoding = 4; lastKnownFileType = sourcecode.c.objc; path = TestChocrotaryTasksInProjectTableViewDataSource.m; sourceTree = "<group>"; };
		0330597313400159007B0B1C /* ChocrotaryTasksInProjectTableViewDataSource.h */ = {isa = PBXFileReference; fileEncoding = 4; lastKnownFileType = sourcecode.c.h; path = ChocrotaryTasksInProjectTableViewDataSource.h; sourceTree = "<group>"; };
		0330597413400159007B0B1C /* ChocrotaryTasksInProjectTableViewDataSource.m */ = {isa = PBXFileReference; fileEncoding = 4; lastKnownFileType = sourcecode.c.objc; path = ChocrotaryTasksInProjectTableViewDataSource.m; sourceTree = "<group>"; };
		03363FCD134CB7D4007B0786 /* TestChocrotaryTaskTableViewDelegate.h */ = {isa = PBXFileReference; fileEncoding = 4; lastKnownFileType = sourcecode.c.h; path = TestChocrotaryTaskTableViewDelegate.h; sourceTree = "<group>"; };
		03363FCE134CB7D4007B0786 /* TestChocrotaryTaskTableViewDelegate.m */ = {isa = PBXFileReference; fileEncoding = 4; lastKnownFileType = sourcecode.c.objc; path = TestChocrotaryTaskTableViewDelegate.m; sourceTree = "<group>"; };
		0350AFFC134D6A7200AFBD04 /* ChocrotaryTaskTableViewDelegate.h */ = {isa = PBXFileReference; fileEncoding = 4; lastKnownFileType = sourcecode.c.h; path = ChocrotaryTaskTableViewDelegate.h; sourceTree = "<group>"; };
		0350AFFD134D6A7200AFBD04 /* ChocrotaryTaskTableViewDelegate.m */ = {isa = PBXFileReference; fileEncoding = 4; lastKnownFileType = sourcecode.c.objc; path = ChocrotaryTaskTableViewDelegate.m; sourceTree = "<group>"; };
		03670494133EE0A700A56085 /* TestChocrotaryTodayTableViewDataSource.h */ = {isa = PBXFileReference; fileEncoding = 4; lastKnownFileType = sourcecode.c.h; path = TestChocrotaryTodayTableViewDataSource.h; sourceTree = "<group>"; };
		03670495133EE0A700A56085 /* TestChocrotaryTodayTableViewDataSource.m */ = {isa = PBXFileReference; fileEncoding = 4; lastKnownFileType = sourcecode.c.objc; path = TestChocrotaryTodayTableViewDataSource.m; sourceTree = "<group>"; };
		0367049C133EE11300A56085 /* ChocrotaryBaseTableViewDataSource.h */ = {isa = PBXFileReference; fileEncoding = 4; lastKnownFileType = sourcecode.c.h; path = ChocrotaryBaseTableViewDataSource.h; sourceTree = "<group>"; };
		0367049D133EE11300A56085 /* ChocrotaryBaseTableViewDataSource.m */ = {isa = PBXFileReference; fileEncoding = 4; lastKnownFileType = sourcecode.c.objc; path = ChocrotaryBaseTableViewDataSource.m; sourceTree = "<group>"; };
		0367051C133EE82D00A56085 /* ChocrotaryTodayTableViewDataSource.h */ = {isa = PBXFileReference; fileEncoding = 4; lastKnownFileType = sourcecode.c.h; path = ChocrotaryTodayTableViewDataSource.h; sourceTree = "<group>"; };
		0367051D133EE82D00A56085 /* ChocrotaryTodayTableViewDataSource.m */ = {isa = PBXFileReference; fileEncoding = 4; lastKnownFileType = sourcecode.c.objc; path = ChocrotaryTodayTableViewDataSource.m; sourceTree = "<group>"; };
		036A5C961334564B00DD767E /* ChocrotaryTableViewDataSource.h */ = {isa = PBXFileReference; fileEncoding = 4; lastKnownFileType = sourcecode.c.h; path = ChocrotaryTableViewDataSource.h; sourceTree = "<group>"; };
		036E2D071365122B00FA983E /* ChocrotarySecretaryInboxPerspective.h */ = {isa = PBXFileReference; fileEncoding = 4; lastKnownFileType = sourcecode.c.h; name = ChocrotarySecretaryInboxPerspective.h; path = ../Chocrotary/ChocrotarySecretaryInboxPerspective.h; sourceTree = SOURCE_ROOT; };
		036E2D081365122B00FA983E /* ChocrotarySecretaryInboxPerspective.m */ = {isa = PBXFileReference; fileEncoding = 4; lastKnownFileType = sourcecode.c.objc; name = ChocrotarySecretaryInboxPerspective.m; path = ../Chocrotary/ChocrotarySecretaryInboxPerspective.m; sourceTree = SOURCE_ROOT; };
		036E2D091365122B00FA983E /* ChocrotarySecretaryPerspective.h */ = {isa = PBXFileReference; fileEncoding = 4; lastKnownFileType = sourcecode.c.h; name = ChocrotarySecretaryPerspective.h; path = ../Chocrotary/ChocrotarySecretaryPerspective.h; sourceTree = SOURCE_ROOT; };
		036E2D0A1365122B00FA983E /* ChocrotarySecretaryPerspective.m */ = {isa = PBXFileReference; fileEncoding = 4; lastKnownFileType = sourcecode.c.objc; name = ChocrotarySecretaryPerspective.m; path = ../Chocrotary/ChocrotarySecretaryPerspective.m; sourceTree = SOURCE_ROOT; };
		036E2D0B1365122B00FA983E /* ChocrotarySecretaryProjectPerspective.h */ = {isa = PBXFileReference; fileEncoding = 4; lastKnownFileType = sourcecode.c.h; name = ChocrotarySecretaryProjectPerspective.h; path = ../Chocrotary/ChocrotarySecretaryProjectPerspective.h; sourceTree = SOURCE_ROOT; };
		036E2D0C1365122B00FA983E /* ChocrotarySecretaryProjectPerspective.m */ = {isa = PBXFileReference; fileEncoding = 4; lastKnownFileType = sourcecode.c.objc; name = ChocrotarySecretaryProjectPerspective.m; path = ../Chocrotary/ChocrotarySecretaryProjectPerspective.m; sourceTree = SOURCE_ROOT; };
		036E2D0D1365122B00FA983E /* ChocrotarySecretaryScheduledForTodayPerspective.h */ = {isa = PBXFileReference; fileEncoding = 4; lastKnownFileType = sourcecode.c.h; name = ChocrotarySecretaryScheduledForTodayPerspective.h; path = ../Chocrotary/ChocrotarySecretaryScheduledForTodayPerspective.h; sourceTree = SOURCE_ROOT; };
		036E2D0E1365122B00FA983E /* ChocrotarySecretaryScheduledForTodayPerspective.m */ = {isa = PBXFileReference; fileEncoding = 4; lastKnownFileType = sourcecode.c.objc; name = ChocrotarySecretaryScheduledForTodayPerspective.m; path = ../Chocrotary/ChocrotarySecretaryScheduledForTodayPerspective.m; sourceTree = SOURCE_ROOT; };
		036E2D0F1365122B00FA983E /* ChocrotarySecretaryScheduledPerspective.h */ = {isa = PBXFileReference; fileEncoding = 4; lastKnownFileType = sourcecode.c.h; name = ChocrotarySecretaryScheduledPerspective.h; path = ../Chocrotary/ChocrotarySecretaryScheduledPerspective.h; sourceTree = SOURCE_ROOT; };
		036E2D101365122B00FA983E /* ChocrotarySecretaryScheduledPerspective.m */ = {isa = PBXFileReference; fileEncoding = 4; lastKnownFileType = sourcecode.c.objc; name = ChocrotarySecretaryScheduledPerspective.m; path = ../Chocrotary/ChocrotarySecretaryScheduledPerspective.m; sourceTree = SOURCE_ROOT; };
		036E2D191365125900FA983E /* TestChocrotarySecretaryPerspective.h */ = {isa = PBXFileReference; fileEncoding = 4; lastKnownFileType = sourcecode.c.h; name = TestChocrotarySecretaryPerspective.h; path = ../Chocrotary/TestChocrotarySecretaryPerspective.h; sourceTree = SOURCE_ROOT; };
		036E2D1A1365125900FA983E /* TestChocrotarySecretaryPerspective.m */ = {isa = PBXFileReference; fileEncoding = 4; lastKnownFileType = sourcecode.c.objc; name = TestChocrotarySecretaryPerspective.m; path = ../Chocrotary/TestChocrotarySecretaryPerspective.m; sourceTree = SOURCE_ROOT; };
		038672031356971A0049B310 /* project-add.tiff */ = {isa = PBXFileReference; lastKnownFileType = image.tiff; name = "project-add.tiff"; path = "../Chocrotary/Icons/project-add.tiff"; sourceTree = SOURCE_ROOT; };
		038672041356971A0049B310 /* project-remove.tiff */ = {isa = PBXFileReference; lastKnownFileType = image.tiff; name = "project-remove.tiff"; path = "../Chocrotary/Icons/project-remove.tiff"; sourceTree = SOURCE_ROOT; };
		038672051356971A0049B310 /* task-add.tiff */ = {isa = PBXFileReference; lastKnownFileType = image.tiff; name = "task-add.tiff"; path = "../Chocrotary/Icons/task-add.tiff"; sourceTree = SOURCE_ROOT; };
		038672061356971A0049B310 /* task-remove.tiff */ = {isa = PBXFileReference; lastKnownFileType = image.tiff; name = "task-remove.tiff"; path = "../Chocrotary/Icons/task-remove.tiff"; sourceTree = SOURCE_ROOT; };
		0386720F135697320049B310 /* Secretary.icns */ = {isa = PBXFileReference; lastKnownFileType = image.icns; name = Secretary.icns; path = ../Chocrotary/Icons/Secretary.icns; sourceTree = SOURCE_ROOT; };
		03968078133F743C00F584AC /* ChocrotarySecretaryPerspective.h */ = {isa = PBXFileReference; fileEncoding = 4; lastKnownFileType = sourcecode.c.h; path = ChocrotarySecretaryPerspective.h; sourceTree = "<group>"; };
		039A27E91341A40300FE9038 /* ChocrotarySecretaryProjectPerspective.h */ = {isa = PBXFileReference; fileEncoding = 4; lastKnownFileType = sourcecode.c.h; path = ChocrotarySecretaryProjectPerspective.h; sourceTree = "<group>"; };
		039A27EA1341A40300FE9038 /* ChocrotarySecretaryProjectPerspective.m */ = {isa = PBXFileReference; fileEncoding = 4; lastKnownFileType = sourcecode.c.objc; path = ChocrotarySecretaryProjectPerspective.m; sourceTree = "<group>"; };
		03A07A0313358F17002C53D6 /* TestChocrotaryProjectTableViewDelegate.h */ = {isa = PBXFileReference; fileEncoding = 4; lastKnownFileType = sourcecode.c.h; path = TestChocrotaryProjectTableViewDelegate.h; sourceTree = "<group>"; };
		03A07A0413358F17002C53D6 /* TestChocrotaryProjectTableViewDelegate.m */ = {isa = PBXFileReference; fileEncoding = 4; lastKnownFileType = sourcecode.c.objc; path = TestChocrotaryProjectTableViewDelegate.m; sourceTree = "<group>"; };
		03A07A0A13359340002C53D6 /* ChocrotaryProjectTableViewDelegate.h */ = {isa = PBXFileReference; fileEncoding = 4; lastKnownFileType = sourcecode.c.h; path = ChocrotaryProjectTableViewDelegate.h; sourceTree = "<group>"; };
		03A07A0B13359340002C53D6 /* ChocrotaryProjectTableViewDelegate.m */ = {isa = PBXFileReference; fileEncoding = 4; lastKnownFileType = sourcecode.c.objc; path = ChocrotaryProjectTableViewDelegate.m; sourceTree = "<group>"; };
		03A07A8113359C02002C53D6 /* TestChocrotaryScheduledTableViewDataSource.h */ = {isa = PBXFileReference; fileEncoding = 4; lastKnownFileType = sourcecode.c.h; path = TestChocrotaryScheduledTableViewDataSource.h; sourceTree = "<group>"; };
		03A07A8213359C02002C53D6 /* TestChocrotaryScheduledTableViewDataSource.m */ = {isa = PBXFileReference; fileEncoding = 4; lastKnownFileType = sourcecode.c.objc; path = TestChocrotaryScheduledTableViewDataSource.m; sourceTree = "<group>"; };
		03A07A8813359CF0002C53D6 /* ChocrotaryScheduledTableViewDataSource.h */ = {isa = PBXFileReference; fileEncoding = 4; lastKnownFileType = sourcecode.c.h; path = ChocrotaryScheduledTableViewDataSource.h; sourceTree = "<group>"; };
		03A07A8913359CF0002C53D6 /* ChocrotaryScheduledTableViewDataSource.m */ = {isa = PBXFileReference; fileEncoding = 4; lastKnownFileType = sourcecode.c.objc; path = ChocrotaryScheduledTableViewDataSource.m; sourceTree = "<group>"; };
		03C97DCD131C8D8D0081FC4D /* ChocrotaryController.h */ = {isa = PBXFileReference; fileEncoding = 4; lastKnownFileType = sourcecode.c.h; path = ChocrotaryController.h; sourceTree = "<group>"; };
		03C97DCE131C8D8D0081FC4D /* ChocrotaryController.m */ = {isa = PBXFileReference; fileEncoding = 4; lastKnownFileType = sourcecode.c.objc; path = ChocrotaryController.m; sourceTree = "<group>"; };
		03CC2899134ABEF100769D49 /* TestChocrotaryController.h */ = {isa = PBXFileReference; fileEncoding = 4; lastKnownFileType = sourcecode.c.h; path = TestChocrotaryController.h; sourceTree = "<group>"; };
		03CC289A134ABEF100769D49 /* TestChocrotaryController.m */ = {isa = PBXFileReference; fileEncoding = 4; lastKnownFileType = sourcecode.c.objc; path = TestChocrotaryController.m; sourceTree = "<group>"; };
		03D1786F132C00A9004F43A1 /* Unit Tests.octest */ = {isa = PBXFileReference; explicitFileType = wrapper.cfbundle; includeInIndex = 0; path = "Unit Tests.octest"; sourceTree = BUILT_PRODUCTS_DIR; };
		03D17870132C00A9004F43A1 /* Unit Tests-Info.plist */ = {isa = PBXFileReference; lastKnownFileType = text.plist.xml; path = "Unit Tests-Info.plist"; sourceTree = "<group>"; };
		03D17876132C02A4004F43A1 /* TestChocrotarySecretary.h */ = {isa = PBXFileReference; fileEncoding = 4; lastKnownFileType = sourcecode.c.h; name = TestChocrotarySecretary.h; path = ../Chocrotary/TestChocrotarySecretary.h; sourceTree = SOURCE_ROOT; };
		03D17877132C02A4004F43A1 /* TestChocrotarySecretary.m */ = {isa = PBXFileReference; fileEncoding = 4; lastKnownFileType = sourcecode.c.objc; name = TestChocrotarySecretary.m; path = ../Chocrotary/TestChocrotarySecretary.m; sourceTree = SOURCE_ROOT; };
		03E361A0132D5750005E5BC5 /* TestChocrotaryInboxTableDataSource.h */ = {isa = PBXFileReference; fileEncoding = 4; lastKnownFileType = sourcecode.c.h; name = TestChocrotaryInboxTableDataSource.h; path = ../Chocrotary/TestChocrotaryInboxTableDataSource.h; sourceTree = SOURCE_ROOT; };
		03E361A1132D5750005E5BC5 /* TestChocrotaryInboxTableDataSource.m */ = {isa = PBXFileReference; fileEncoding = 4; lastKnownFileType = sourcecode.c.objc; name = TestChocrotaryInboxTableDataSource.m; path = ../Chocrotary/TestChocrotaryInboxTableDataSource.m; sourceTree = SOURCE_ROOT; };
		03E36201132DC2B2005E5BC5 /* ChocrotaryInboxTableViewDataSource.h */ = {isa = PBXFileReference; fileEncoding = 4; lastKnownFileType = sourcecode.c.h; name = ChocrotaryInboxTableViewDataSource.h; path = ../Chocrotary/ChocrotaryInboxTableViewDataSource.h; sourceTree = SOURCE_ROOT; };
		03E36202132DC2B2005E5BC5 /* ChocrotaryInboxTableViewDataSource.m */ = {isa = PBXFileReference; fileEncoding = 4; lastKnownFileType = sourcecode.c.objc; name = ChocrotaryInboxTableViewDataSource.m; path = ../Chocrotary/ChocrotaryInboxTableViewDataSource.m; sourceTree = SOURCE_ROOT; };
		089C165DFE840E0CC02AAC07 /* English */ = {isa = PBXFileReference; fileEncoding = 4; lastKnownFileType = text.plist.strings; name = English; path = English.lproj/InfoPlist.strings; sourceTree = "<group>"; };
		1058C7A1FEA54F0111CA2CBB /* Cocoa.framework */ = {isa = PBXFileReference; lastKnownFileType = wrapper.framework; name = Cocoa.framework; path = /System/Library/Frameworks/Cocoa.framework; sourceTree = "<absolute>"; };
		13E42FB307B3F0F600E4EEF1 /* CoreData.framework */ = {isa = PBXFileReference; lastKnownFileType = wrapper.framework; name = CoreData.framework; path = /System/Library/Frameworks/CoreData.framework; sourceTree = "<absolute>"; };
		1DDD58150DA1D0A300B32029 /* English */ = {isa = PBXFileReference; lastKnownFileType = file.xib; name = English; path = English.lproj/MainMenu.xib; sourceTree = "<group>"; };
		256AC3D80F4B6AC300CF3369 /* ChocrotaryAppDelegate.h */ = {isa = PBXFileReference; fileEncoding = 4; lastKnownFileType = sourcecode.c.h; path = ChocrotaryAppDelegate.h; sourceTree = "<group>"; };
		256AC3D90F4B6AC300CF3369 /* ChocrotaryAppDelegate.m */ = {isa = PBXFileReference; fileEncoding = 4; lastKnownFileType = sourcecode.c.objc; path = ChocrotaryAppDelegate.m; sourceTree = "<group>"; };
		256AC3F00F4B6AF500CF3369 /* Secretary_Prefix.pch */ = {isa = PBXFileReference; fileEncoding = 4; lastKnownFileType = sourcecode.c.h; path = Secretary_Prefix.pch; sourceTree = "<group>"; };
		29B97316FDCFA39411CA2CEA /* main.m */ = {isa = PBXFileReference; fileEncoding = 4; lastKnownFileType = sourcecode.c.objc; path = main.m; sourceTree = "<group>"; };
		29B97324FDCFA39411CA2CEA /* AppKit.framework */ = {isa = PBXFileReference; lastKnownFileType = wrapper.framework; name = AppKit.framework; path = /System/Library/Frameworks/AppKit.framework; sourceTree = "<absolute>"; };
		29B97325FDCFA39411CA2CEA /* Foundation.framework */ = {isa = PBXFileReference; lastKnownFileType = wrapper.framework; name = Foundation.framework; path = /System/Library/Frameworks/Foundation.framework; sourceTree = "<absolute>"; };
		8D1107310486CEB800E47090 /* Secretary-Info.plist */ = {isa = PBXFileReference; fileEncoding = 4; lastKnownFileType = text.plist.xml; path = "Secretary-Info.plist"; sourceTree = "<group>"; };
		8D1107320486CEB800E47090 /* Secretary.app */ = {isa = PBXFileReference; explicitFileType = wrapper.application; includeInIndex = 0; path = Secretary.app; sourceTree = BUILT_PRODUCTS_DIR; };
/* End PBXFileReference section */

/* Begin PBXFrameworksBuildPhase section */
		03D1786C132C00A9004F43A1 /* Frameworks */ = {
			isa = PBXFrameworksBuildPhase;
			buildActionMask = 2147483647;
			files = (
			);
			runOnlyForDeploymentPostprocessing = 0;
		};
		8D11072E0486CEB800E47090 /* Frameworks */ = {
			isa = PBXFrameworksBuildPhase;
			buildActionMask = 2147483647;
			files = (
				8D11072F0486CEB800E47090 /* Cocoa.framework in Frameworks */,
			);
			runOnlyForDeploymentPostprocessing = 0;
		};
/* End PBXFrameworksBuildPhase section */

/* Begin PBXGroup section */
		03074117136115E1007A80E8 /* Stubs */ = {
			isa = PBXGroup;
			children = (
				03074118136115EF007A80E8 /* ChocrotarySecretaryObserverStub.h */,
				03074119136115EF007A80E8 /* ChocrotarySecretaryObserverStub.m */,
			);
			name = Stubs;
			sourceTree = "<group>";
		};
		036704A2133EE17E00A56085 /* TableView Data Sources */ = {
			isa = PBXGroup;
			children = (
				03E36201132DC2B2005E5BC5 /* ChocrotaryInboxTableViewDataSource.h */,
				03E36202132DC2B2005E5BC5 /* ChocrotaryInboxTableViewDataSource.m */,
				0317BCB31329CC96004055F8 /* ChocrotaryProjectTableViewDataSource.h */,
				0317BCB41329CC96004055F8 /* ChocrotaryProjectTableViewDataSource.m */,
				03A07A8813359CF0002C53D6 /* ChocrotaryScheduledTableViewDataSource.h */,
				03A07A8913359CF0002C53D6 /* ChocrotaryScheduledTableViewDataSource.m */,
				0367051C133EE82D00A56085 /* ChocrotaryTodayTableViewDataSource.h */,
				0367051D133EE82D00A56085 /* ChocrotaryTodayTableViewDataSource.m */,
				0330597313400159007B0B1C /* ChocrotaryTasksInProjectTableViewDataSource.h */,
				0330597413400159007B0B1C /* ChocrotaryTasksInProjectTableViewDataSource.m */,
				0350AFFC134D6A7200AFBD04 /* ChocrotaryTaskTableViewDelegate.h */,
				0350AFFD134D6A7200AFBD04 /* ChocrotaryTaskTableViewDelegate.m */,
			);
			name = "TableView Data Sources";
			sourceTree = "<group>";
		};
		0386717B135682940049B310 /* Delegates */ = {
			isa = PBXGroup;
			children = (
				03A07A0A13359340002C53D6 /* ChocrotaryProjectTableViewDelegate.h */,
				03A07A0B13359340002C53D6 /* ChocrotaryProjectTableViewDelegate.m */,
			);
			name = Delegates;
			sourceTree = "<group>";
		};
		0386722B13569AC20049B310 /* Icons */ = {
			isa = PBXGroup;
			children = (
				0386720F135697320049B310 /* Secretary.icns */,
				038672031356971A0049B310 /* project-add.tiff */,
				038672041356971A0049B310 /* project-remove.tiff */,
				038672051356971A0049B310 /* task-add.tiff */,
				038672061356971A0049B310 /* task-remove.tiff */,
			);
			name = Icons;
			sourceTree = "<group>";
		};
		03968074133F730100F584AC /* Secretary Perspectives */ = {
			isa = PBXGroup;
			children = (
				036E2D071365122B00FA983E /* ChocrotarySecretaryInboxPerspective.h */,
				036E2D081365122B00FA983E /* ChocrotarySecretaryInboxPerspective.m */,
				036E2D091365122B00FA983E /* ChocrotarySecretaryPerspective.h */,
				036E2D0A1365122B00FA983E /* ChocrotarySecretaryPerspective.m */,
				036E2D0B1365122B00FA983E /* ChocrotarySecretaryProjectPerspective.h */,
				036E2D0C1365122B00FA983E /* ChocrotarySecretaryProjectPerspective.m */,
				036E2D0D1365122B00FA983E /* ChocrotarySecretaryScheduledForTodayPerspective.h */,
				036E2D0E1365122B00FA983E /* ChocrotarySecretaryScheduledForTodayPerspective.m */,
				036E2D0F1365122B00FA983E /* ChocrotarySecretaryScheduledPerspective.h */,
				036E2D101365122B00FA983E /* ChocrotarySecretaryScheduledPerspective.m */,
				039A27E91341A40300FE9038 /* ChocrotarySecretaryProjectPerspective.h */,
				039A27EA1341A40300FE9038 /* ChocrotarySecretaryProjectPerspective.m */,
				03968078133F743C00F584AC /* ChocrotarySecretaryPerspective.h */,
			);
			name = "Secretary Perspectives";
			sourceTree = "<group>";
		};
		03BBF1C11331AC2F00E28732 /* Test Classes */ = {
			isa = PBXGroup;
			children = (
				03074117136115E1007A80E8 /* Stubs */,
				03C0F7381357F5BE00D3D886 /* Secretary Perspectives */,
				03C0F7371357F5A300D3D886 /* Tasks Data Sources */,
				03C0F7361357F58E00D3D886 /* Models */,
				03A07A0313358F17002C53D6 /* TestChocrotaryProjectTableViewDelegate.h */,
				03A07A0413358F17002C53D6 /* TestChocrotaryProjectTableViewDelegate.m */,
				03CC2899134ABEF100769D49 /* TestChocrotaryController.h */,
				03CC289A134ABEF100769D49 /* TestChocrotaryController.m */,
				03363FCD134CB7D4007B0786 /* TestChocrotaryTaskTableViewDelegate.h */,
				03363FCE134CB7D4007B0786 /* TestChocrotaryTaskTableViewDelegate.m */,
			);
			name = "Test Classes";
			sourceTree = "<group>";
		};
		03C0F7281357F52D00D3D886 /* Models */ = {
			isa = PBXGroup;
			children = (
				0317BDEF1329DA56004055F8 /* ChocrotarySecretary.h */,
				0317BDF01329DA56004055F8 /* ChocrotarySecretary.m */,
				0317BD761329D733004055F8 /* ChocrotaryNotebook.h */,
				0317BD771329D733004055F8 /* ChocrotaryNotebook.m */,
			);
			name = Models;
			sourceTree = "<group>";
		};
		03C0F7331357F56E00D3D886 /* Protocols and abstract classes */ = {
			isa = PBXGroup;
			children = (
				0367049C133EE11300A56085 /* ChocrotaryBaseTableViewDataSource.h */,
				0367049D133EE11300A56085 /* ChocrotaryBaseTableViewDataSource.m */,
				036A5C961334564B00DD767E /* ChocrotaryTableViewDataSource.h */,
				0307410B1361143E007A80E8 /* ChocrotarySecretaryObserver.h */,
			);
			name = "Protocols and abstract classes";
			sourceTree = "<group>";
		};
		03C0F7361357F58E00D3D886 /* Models */ = {
			isa = PBXGroup;
			children = (
				03D17876132C02A4004F43A1 /* TestChocrotarySecretary.h */,
				03D17877132C02A4004F43A1 /* TestChocrotarySecretary.m */,
			);
			name = Models;
			sourceTree = "<group>";
		};
		03C0F7371357F5A300D3D886 /* Tasks Data Sources */ = {
			isa = PBXGroup;
			children = (
				03E361A0132D5750005E5BC5 /* TestChocrotaryInboxTableDataSource.h */,
				03E361A1132D5750005E5BC5 /* TestChocrotaryInboxTableDataSource.m */,
				03A07A8113359C02002C53D6 /* TestChocrotaryScheduledTableViewDataSource.h */,
				03A07A8213359C02002C53D6 /* TestChocrotaryScheduledTableViewDataSource.m */,
				03670494133EE0A700A56085 /* TestChocrotaryTodayTableViewDataSource.h */,
				03670495133EE0A700A56085 /* TestChocrotaryTodayTableViewDataSource.m */,
				03305962134000CF007B0B1C /* TestChocrotaryTasksInProjectTableViewDataSource.h */,
				03305963134000CF007B0B1C /* TestChocrotaryTasksInProjectTableViewDataSource.m */,
			);
			name = "Tasks Data Sources";
			sourceTree = "<group>";
		};
		03C0F7381357F5BE00D3D886 /* Secretary Perspectives */ = {
			isa = PBXGroup;
			children = (
				036E2D191365125900FA983E /* TestChocrotarySecretaryPerspective.h */,
				036E2D1A1365125900FA983E /* TestChocrotarySecretaryPerspective.m */,
			);
			name = "Secretary Perspectives";
			sourceTree = "<group>";
		};
		080E96DDFE201D6D7F000001 /* Classes */ = {
			isa = PBXGroup;
			children = (
				03C0F7331357F56E00D3D886 /* Protocols and abstract classes */,
				03C0F7281357F52D00D3D886 /* Models */,
				0386717B135682940049B310 /* Delegates */,
				03968074133F730100F584AC /* Secretary Perspectives */,
				036704A2133EE17E00A56085 /* TableView Data Sources */,
				256AC3D80F4B6AC300CF3369 /* ChocrotaryAppDelegate.h */,
				256AC3D90F4B6AC300CF3369 /* ChocrotaryAppDelegate.m */,
				03C97DCD131C8D8D0081FC4D /* ChocrotaryController.h */,
				03C97DCE131C8D8D0081FC4D /* ChocrotaryController.m */,
			);
			name = Classes;
			sourceTree = "<group>";
		};
		1058C7A0FEA54F0111CA2CBB /* Linked Frameworks */ = {
			isa = PBXGroup;
			children = (
				1058C7A1FEA54F0111CA2CBB /* Cocoa.framework */,
			);
			name = "Linked Frameworks";
			sourceTree = "<group>";
		};
		1058C7A2FEA54F0111CA2CBB /* Other Frameworks */ = {
			isa = PBXGroup;
			children = (
				29B97324FDCFA39411CA2CEA /* AppKit.framework */,
				13E42FB307B3F0F600E4EEF1 /* CoreData.framework */,
				29B97325FDCFA39411CA2CEA /* Foundation.framework */,
			);
			name = "Other Frameworks";
			sourceTree = "<group>";
		};
		19C28FACFE9D520D11CA2CBB /* Products */ = {
			isa = PBXGroup;
			children = (
				8D1107320486CEB800E47090 /* Secretary.app */,
				03D1786F132C00A9004F43A1 /* Unit Tests.octest */,
			);
			name = Products;
			sourceTree = "<group>";
		};
		29B97314FDCFA39411CA2CEA /* Chocrotary */ = {
			isa = PBXGroup;
			children = (
				03BBF1C11331AC2F00E28732 /* Test Classes */,
				080E96DDFE201D6D7F000001 /* Classes */,
				29B97315FDCFA39411CA2CEA /* Other Sources */,
				29B97317FDCFA39411CA2CEA /* Resources */,
				29B97323FDCFA39411CA2CEA /* Frameworks */,
				19C28FACFE9D520D11CA2CBB /* Products */,
				03D17870132C00A9004F43A1 /* Unit Tests-Info.plist */,
			);
			name = Chocrotary;
			sourceTree = "<group>";
		};
		29B97315FDCFA39411CA2CEA /* Other Sources */ = {
			isa = PBXGroup;
			children = (
				256AC3F00F4B6AF500CF3369 /* Secretary_Prefix.pch */,
				29B97316FDCFA39411CA2CEA /* main.m */,
			);
			name = "Other Sources";
			sourceTree = "<group>";
		};
		29B97317FDCFA39411CA2CEA /* Resources */ = {
			isa = PBXGroup;
			children = (
				0386722B13569AC20049B310 /* Icons */,
				8D1107310486CEB800E47090 /* Secretary-Info.plist */,
				089C165CFE840E0CC02AAC07 /* InfoPlist.strings */,
				1DDD58140DA1D0A300B32029 /* MainMenu.xib */,
			);
			name = Resources;
			sourceTree = "<group>";
		};
		29B97323FDCFA39411CA2CEA /* Frameworks */ = {
			isa = PBXGroup;
			children = (
				1058C7A0FEA54F0111CA2CBB /* Linked Frameworks */,
				1058C7A2FEA54F0111CA2CBB /* Other Frameworks */,
			);
			name = Frameworks;
			sourceTree = "<group>";
		};
/* End PBXGroup section */

/* Begin PBXNativeTarget section */
		03D1786E132C00A9004F43A1 /* Unit Tests */ = {
			isa = PBXNativeTarget;
			buildConfigurationList = 03D17873132C00A9004F43A1 /* Build configuration list for PBXNativeTarget "Unit Tests" */;
			buildPhases = (
				03D1786A132C00A9004F43A1 /* Resources */,
				03D1786B132C00A9004F43A1 /* Sources */,
				03D1786C132C00A9004F43A1 /* Frameworks */,
				03D1786D132C00A9004F43A1 /* ShellScript */,
			);
			buildRules = (
			);
			dependencies = (
				03D17875132C00C1004F43A1 /* PBXTargetDependency */,
			);
			name = "Unit Tests";
			productName = "Unit Tests";
			productReference = 03D1786F132C00A9004F43A1 /* Unit Tests.octest */;
			productType = "com.apple.product-type.bundle";
		};
		8D1107260486CEB800E47090 /* Secretary */ = {
			isa = PBXNativeTarget;
			buildConfigurationList = C01FCF4A08A954540054247B /* Build configuration list for PBXNativeTarget "Secretary" */;
			buildPhases = (
				8D1107290486CEB800E47090 /* Resources */,
				8D11072C0486CEB800E47090 /* Sources */,
				8D11072E0486CEB800E47090 /* Frameworks */,
			);
			buildRules = (
			);
			dependencies = (
			);
			name = Secretary;
			productInstallPath = "$(HOME)/Applications";
			productName = Chocrotary;
			productReference = 8D1107320486CEB800E47090 /* Secretary.app */;
			productType = "com.apple.product-type.application";
		};
/* End PBXNativeTarget section */

/* Begin PBXProject section */
		29B97313FDCFA39411CA2CEA /* Project object */ = {
			isa = PBXProject;
			buildConfigurationList = C01FCF4E08A954540054247B /* Build configuration list for PBXProject "Secretary" */;
			compatibilityVersion = "Xcode 3.1";
			developmentRegion = English;
			hasScannedForEncodings = 1;
			knownRegions = (
				English,
				Japanese,
				French,
				German,
				"Portuguese (Brazil)",
			);
			mainGroup = 29B97314FDCFA39411CA2CEA /* Chocrotary */;
			projectDirPath = "";
			projectRoot = "";
			targets = (
				8D1107260486CEB800E47090 /* Secretary */,
				03D1786E132C00A9004F43A1 /* Unit Tests */,
				03326A8013569C2100A263F2 /* Generate .dmg */,
			);
		};
/* End PBXProject section */

/* Begin PBXResourcesBuildPhase section */
		03D1786A132C00A9004F43A1 /* Resources */ = {
			isa = PBXResourcesBuildPhase;
			buildActionMask = 2147483647;
			files = (
			);
			runOnlyForDeploymentPostprocessing = 0;
		};
		8D1107290486CEB800E47090 /* Resources */ = {
			isa = PBXResourcesBuildPhase;
			buildActionMask = 2147483647;
			files = (
				8D11072B0486CEB800E47090 /* InfoPlist.strings in Resources */,
				1DDD58160DA1D0A300B32029 /* MainMenu.xib in Resources */,
				038672071356971A0049B310 /* project-add.tiff in Resources */,
				038672081356971A0049B310 /* project-remove.tiff in Resources */,
				038672091356971A0049B310 /* task-add.tiff in Resources */,
				0386720A1356971A0049B310 /* task-remove.tiff in Resources */,
				03867210135697320049B310 /* Secretary.icns in Resources */,
			);
			runOnlyForDeploymentPostprocessing = 0;
		};
/* End PBXResourcesBuildPhase section */

/* Begin PBXShellScriptBuildPhase section */
		03326A7F13569C2100A263F2 /* ShellScript */ = {
			isa = PBXShellScriptBuildPhase;
			buildActionMask = 2147483647;
			files = (
			);
			inputPaths = (
			);
			outputPaths = (
			);
			runOnlyForDeploymentPostprocessing = 0;
			shellPath = /bin/sh;
			shellScript = "DMG_FILE=\"${HOME}/Desktop/Secretary.dmg\"\nDIR_TO_PACK=/tmp/topack\n[ -f \"$DMG_FILE\" ] && rm $DMG_FILE && echo \"Old .dmg removed\" || exit 1\nmkdir -p $DIR_TO_PACK && echo \"temp dir created\" || exit 2\ncp -R ${OBJROOT}/Debug/Secretary.app $DIR_TO_PACK && echo \"Bundle copied\" || exit 3\nhdiutil create -fs HFS+ -volname \"Secretary\" -srcfolder \"$DIR_TO_PACK\" \"$DMG_FILE\" && echo \"Image generated\" || exit 4\nrm -r \"$DIR_TO_PACK\" && echo \"temp dir removed\" || exit 5";
		};
		03D1786D132C00A9004F43A1 /* ShellScript */ = {
			isa = PBXShellScriptBuildPhase;
			buildActionMask = 2147483647;
			files = (
			);
			inputPaths = (
			);
			outputPaths = (
			);
			runOnlyForDeploymentPostprocessing = 0;
			shellPath = /bin/sh;
			shellScript = "# Run the unit tests in this test bundle.\n\"${SYSTEM_DEVELOPER_DIR}/Tools/RunUnitTests\"\n";
		};
/* End PBXShellScriptBuildPhase section */

/* Begin PBXSourcesBuildPhase section */
		03D1786B132C00A9004F43A1 /* Sources */ = {
			isa = PBXSourcesBuildPhase;
			buildActionMask = 2147483647;
			files = (
				03D17878132C02A4004F43A1 /* TestChocrotarySecretary.m in Sources */,
				03E361A2132D5750005E5BC5 /* TestChocrotaryInboxTableDataSource.m in Sources */,
				03A07A0513358F17002C53D6 /* TestChocrotaryProjectTableViewDelegate.m in Sources */,
				03A07A8313359C02002C53D6 /* TestChocrotaryScheduledTableViewDataSource.m in Sources */,
				03670496133EE0A700A56085 /* TestChocrotaryTodayTableViewDataSource.m in Sources */,
				03305964134000CF007B0B1C /* TestChocrotaryTasksInProjectTableViewDataSource.m in Sources */,
				03CC289B134ABEF100769D49 /* TestChocrotaryController.m in Sources */,
				03363FCF134CB7D4007B0786 /* TestChocrotaryTaskTableViewDelegate.m in Sources */,
				0307411A136115EF007A80E8 /* ChocrotarySecretaryObserverStub.m in Sources */,
				036E2D1B1365125900FA983E /* TestChocrotarySecretaryPerspective.m in Sources */,
			);
			runOnlyForDeploymentPostprocessing = 0;
		};
		8D11072C0486CEB800E47090 /* Sources */ = {
			isa = PBXSourcesBuildPhase;
			buildActionMask = 2147483647;
			files = (
				8D11072D0486CEB800E47090 /* main.m in Sources */,
				256AC3DA0F4B6AC300CF3369 /* ChocrotaryAppDelegate.m in Sources */,
				03C97DCF131C8D8D0081FC4D /* ChocrotaryController.m in Sources */,
				0317BCB51329CC96004055F8 /* ChocrotaryProjectTableViewDataSource.m in Sources */,
				0317BD781329D733004055F8 /* ChocrotaryNotebook.m in Sources */,
				0317BDF11329DA56004055F8 /* ChocrotarySecretary.m in Sources */,
				03E36203132DC2B2005E5BC5 /* ChocrotaryInboxTableViewDataSource.m in Sources */,
				03A07A0C13359340002C53D6 /* ChocrotaryProjectTableViewDelegate.m in Sources */,
				03A07A8A13359CF0002C53D6 /* ChocrotaryScheduledTableViewDataSource.m in Sources */,
				0367049E133EE11300A56085 /* ChocrotaryBaseTableViewDataSource.m in Sources */,
				0367051E133EE82D00A56085 /* ChocrotaryTodayTableViewDataSource.m in Sources */,
				0330597513400159007B0B1C /* ChocrotaryTasksInProjectTableViewDataSource.m in Sources */,
				039A27EB1341A40300FE9038 /* ChocrotarySecretaryProjectPerspective.m in Sources */,
				0350AFFE134D6A7200AFBD04 /* ChocrotaryTaskTableViewDelegate.m in Sources */,
				036E2D131365122B00FA983E /* ChocrotarySecretaryInboxPerspective.m in Sources */,
				036E2D161365122B00FA983E /* ChocrotarySecretaryScheduledForTodayPerspective.m in Sources */,
				036E2D171365122B00FA983E /* ChocrotarySecretaryScheduledPerspective.m in Sources */,
				03C0E2F11365188B008CEFB9 /* ChocrotarySecretaryPerspective.m in Sources */,
			);
			runOnlyForDeploymentPostprocessing = 0;
		};
/* End PBXSourcesBuildPhase section */

/* Begin PBXTargetDependency section */
		03326A8613569C5400A263F2 /* PBXTargetDependency */ = {
			isa = PBXTargetDependency;
			target = 8D1107260486CEB800E47090 /* Secretary */;
			targetProxy = 03326A8513569C5400A263F2 /* PBXContainerItemProxy */;
		};
		03D17875132C00C1004F43A1 /* PBXTargetDependency */ = {
			isa = PBXTargetDependency;
			target = 8D1107260486CEB800E47090 /* Secretary */;
			targetProxy = 03D17874132C00C1004F43A1 /* PBXContainerItemProxy */;
		};
/* End PBXTargetDependency section */

/* Begin PBXVariantGroup section */
		089C165CFE840E0CC02AAC07 /* InfoPlist.strings */ = {
			isa = PBXVariantGroup;
			children = (
				089C165DFE840E0CC02AAC07 /* English */,
			);
			name = InfoPlist.strings;
			sourceTree = "<group>";
		};
		1DDD58140DA1D0A300B32029 /* MainMenu.xib */ = {
			isa = PBXVariantGroup;
			children = (
				1DDD58150DA1D0A300B32029 /* English */,
			);
			name = MainMenu.xib;
			sourceTree = "<group>";
		};
/* End PBXVariantGroup section */

/* Begin XCBuildConfiguration section */
		03326A8113569C2100A263F2 /* Debug */ = {
			isa = XCBuildConfiguration;
			buildSettings = {
				COPY_PHASE_STRIP = NO;
				Executable = "${PROJECT_NAME}";
				GCC_DYNAMIC_NO_PIC = NO;
				GCC_OPTIMIZATION_LEVEL = 0;
				PRODUCT_NAME = "Generate .dmg";
				SECRETARY_VERSION = "${PRODUCT_VERSION}";
			};
			name = Debug;
		};
		03326A8213569C2100A263F2 /* Release */ = {
			isa = XCBuildConfiguration;
			buildSettings = {
				COPY_PHASE_STRIP = YES;
				DEBUG_INFORMATION_FORMAT = "dwarf-with-dsym";
				GCC_ENABLE_FIX_AND_CONTINUE = NO;
				PRODUCT_NAME = "Generate .dmg";
				ZERO_LINK = NO;
			};
			name = Release;
		};
		03D17871132C00A9004F43A1 /* Debug */ = {
			isa = XCBuildConfiguration;
			buildSettings = {
				ALWAYS_SEARCH_USER_PATHS = NO;
				BUNDLE_LOADER = "$(TEST_HOST)";
				COPY_PHASE_STRIP = NO;
				FRAMEWORK_SEARCH_PATHS = "$(DEVELOPER_LIBRARY_DIR)/Frameworks";
				GCC_DYNAMIC_NO_PIC = NO;
				GCC_ENABLE_FIX_AND_CONTINUE = NO;
				GCC_ENABLE_OBJC_EXCEPTIONS = YES;
				GCC_MODEL_TUNING = G5;
				GCC_OPTIMIZATION_LEVEL = 0;
				GCC_PRECOMPILE_PREFIX_HEADER = YES;
				GCC_PREFIX_HEADER = "$(SYSTEM_LIBRARY_DIR)/Frameworks/Cocoa.framework/Headers/Cocoa.h";
				HEADER_SEARCH_PATHS = ../lib/include;
				INFOPLIST_FILE = "Unit Tests-Info.plist";
				INSTALL_PATH = "$(USER_LIBRARY_DIR)/Bundles";
				OTHER_LDFLAGS = (
					"-framework",
					Cocoa,
					"-framework",
					SenTestingKit,
					../lib/libsecretary.a,
				);
				PREBINDING = NO;
				PRODUCT_NAME = "Unit Tests";
				TEST_HOST = "$(BUILT_PRODUCTS_DIR)/Secretary.app/Contents/MacOS/Secretary";
				WRAPPER_EXTENSION = octest;
			};
			name = Debug;
		};
		03D17872132C00A9004F43A1 /* Release */ = {
			isa = XCBuildConfiguration;
			buildSettings = {
				ALWAYS_SEARCH_USER_PATHS = NO;
				COPY_PHASE_STRIP = YES;
				DEBUG_INFORMATION_FORMAT = "dwarf-with-dsym";
				FRAMEWORK_SEARCH_PATHS = "$(DEVELOPER_LIBRARY_DIR)/Frameworks";
				GCC_ENABLE_FIX_AND_CONTINUE = NO;
				GCC_ENABLE_OBJC_EXCEPTIONS = YES;
				GCC_MODEL_TUNING = G5;
				GCC_PRECOMPILE_PREFIX_HEADER = YES;
				GCC_PREFIX_HEADER = "$(SYSTEM_LIBRARY_DIR)/Frameworks/Cocoa.framework/Headers/Cocoa.h";
				INFOPLIST_FILE = "Unit Tests-Info.plist";
				INSTALL_PATH = "$(USER_LIBRARY_DIR)/Bundles";
				OTHER_LDFLAGS = (
					"-framework",
					Cocoa,
					"-framework",
					SenTestingKit,
				);
				PREBINDING = NO;
				PRODUCT_NAME = "Unit Tests";
				WRAPPER_EXTENSION = octest;
				ZERO_LINK = NO;
			};
			name = Release;
		};
		C01FCF4B08A954540054247B /* Debug */ = {
			isa = XCBuildConfiguration;
			buildSettings = {
				ALWAYS_SEARCH_USER_PATHS = NO;
				COPY_PHASE_STRIP = NO;
				GCC_DYNAMIC_NO_PIC = NO;
				GCC_ENABLE_FIX_AND_CONTINUE = YES;
				GCC_MODEL_TUNING = G5;
				GCC_OPTIMIZATION_LEVEL = 0;
				GCC_PRECOMPILE_PREFIX_HEADER = YES;
				GCC_PREFIX_HEADER = Secretary_Prefix.pch;
				HEADER_SEARCH_PATHS = (
					"./**",
					"../lib/include/**",
				);
				INFOPLIST_FILE = "Secretary-Info.plist";
				INSTALL_PATH = "$(HOME)/Applications";
				LD_RUNPATH_SEARCH_PATHS = "";
				LIBRARY_SEARCH_PATHS = (
					"$(inherited)",
					"\"$(SRCROOT)/../lib\"",
					../lib,
				);
				OTHER_LDFLAGS = ../lib/libsecretary.a;
				PRODUCT_NAME = Secretary;
			};
			name = Debug;
		};
		C01FCF4C08A954540054247B /* Release */ = {
			isa = XCBuildConfiguration;
			buildSettings = {
				ALWAYS_SEARCH_USER_PATHS = NO;
				DEBUG_INFORMATION_FORMAT = "dwarf-with-dsym";
				GCC_MODEL_TUNING = G5;
				GCC_PRECOMPILE_PREFIX_HEADER = YES;
				GCC_PREFIX_HEADER = Secretary_Prefix.pch;
				INFOPLIST_FILE = "Secretary-Info.plist";
				INSTALL_PATH = "$(HOME)/Applications";
				LIBRARY_SEARCH_PATHS = (
					"$(inherited)",
					"\"$(SRCROOT)/../lib\"",
				);
				PRODUCT_NAME = Secretary;
			};
			name = Release;
		};
		C01FCF4F08A954540054247B /* Debug */ = {
			isa = XCBuildConfiguration;
			buildSettings = {
				ARCHS = "$(ARCHS_STANDARD_32_64_BIT)";
				GCC_C_LANGUAGE_STANDARD = gnu99;
				GCC_OPTIMIZATION_LEVEL = 0;
				GCC_WARN_ABOUT_RETURN_TYPE = YES;
				GCC_WARN_UNUSED_VARIABLE = YES;
				ONLY_ACTIVE_ARCH = YES;
				PREBINDING = NO;
				SDKROOT = macosx10.6;
			};
			name = Debug;
		};
		C01FCF5008A954540054247B /* Release */ = {
			isa = XCBuildConfiguration;
			buildSettings = {
				ARCHS = "$(ARCHS_STANDARD_32_64_BIT)";
				GCC_C_LANGUAGE_STANDARD = gnu99;
				GCC_WARN_ABOUT_RETURN_TYPE = YES;
				GCC_WARN_UNUSED_VARIABLE = YES;
				PREBINDING = NO;
				SDKROOT = macosx10.6;
			};
			name = Release;
		};
/* End XCBuildConfiguration section */

/* Begin XCConfigurationList section */
		03326A8713569C7200A263F2 /* Build configuration list for PBXAggregateTarget "Generate .dmg" */ = {
			isa = XCConfigurationList;
			buildConfigurations = (
				03326A8113569C2100A263F2 /* Debug */,
				03326A8213569C2100A263F2 /* Release */,
			);
			defaultConfigurationIsVisible = 0;
			defaultConfigurationName = Release;
		};
		03D17873132C00A9004F43A1 /* Build configuration list for PBXNativeTarget "Unit Tests" */ = {
			isa = XCConfigurationList;
			buildConfigurations = (
				03D17871132C00A9004F43A1 /* Debug */,
				03D17872132C00A9004F43A1 /* Release */,
			);
			defaultConfigurationIsVisible = 0;
			defaultConfigurationName = Release;
		};
		C01FCF4A08A954540054247B /* Build configuration list for PBXNativeTarget "Secretary" */ = {
			isa = XCConfigurationList;
			buildConfigurations = (
				C01FCF4B08A954540054247B /* Debug */,
				C01FCF4C08A954540054247B /* Release */,
			);
			defaultConfigurationIsVisible = 0;
			defaultConfigurationName = Release;
		};
		C01FCF4E08A954540054247B /* Build configuration list for PBXProject "Secretary" */ = {
			isa = XCConfigurationList;
			buildConfigurations = (
				C01FCF4F08A954540054247B /* Debug */,
				C01FCF5008A954540054247B /* Release */,
			);
			defaultConfigurationIsVisible = 0;
			defaultConfigurationName = Release;
		};
/* End XCConfigurationList section */
	};
	rootObject = 29B97313FDCFA39411CA2CEA /* Project object */;
}
